// !$*UTF8*$!
{
	archiveVersion = 1;
	classes = {
	};
	objectVersion = 50;
	objects = {

/* Begin PBXBuildFile section */
		1999A7252791F38B009E5DDA /* SEInfoView.swift in Sources */ = {isa = PBXBuildFile; fileRef = 1999A7242791F38B009E5DDA /* SEInfoView.swift */; };
		1999A7262791F38B009E5DDA /* SEInfoView.swift in Sources */ = {isa = PBXBuildFile; fileRef = 1999A7242791F38B009E5DDA /* SEInfoView.swift */; };
		1999A72A279224AA009E5DDA /* SESeasonCollectionViewCell.swift in Sources */ = {isa = PBXBuildFile; fileRef = 1999A729279224AA009E5DDA /* SESeasonCollectionViewCell.swift */; };
		1999A72B279224AA009E5DDA /* SESeasonCollectionViewCell.swift in Sources */ = {isa = PBXBuildFile; fileRef = 1999A729279224AA009E5DDA /* SESeasonCollectionViewCell.swift */; };
		1999A7322792420F009E5DDA /* SESeasonsHeaderCollectionReusableView.swift in Sources */ = {isa = PBXBuildFile; fileRef = 1999A7312792420F009E5DDA /* SESeasonsHeaderCollectionReusableView.swift */; };
		1999A7332792420F009E5DDA /* SESeasonsHeaderCollectionReusableView.swift in Sources */ = {isa = PBXBuildFile; fileRef = 1999A7312792420F009E5DDA /* SESeasonsHeaderCollectionReusableView.swift */; };
		1999A73527925243009E5DDA /* SEDetailTests.swift in Sources */ = {isa = PBXBuildFile; fileRef = 1999A73427925243009E5DDA /* SEDetailTests.swift */; };
		1999A73827928B07009E5DDA /* SEEpisodeDetailViewController.swift in Sources */ = {isa = PBXBuildFile; fileRef = 1999A73727928B07009E5DDA /* SEEpisodeDetailViewController.swift */; };
		1999A73927928B07009E5DDA /* SEEpisodeDetailViewController.swift in Sources */ = {isa = PBXBuildFile; fileRef = 1999A73727928B07009E5DDA /* SEEpisodeDetailViewController.swift */; };
		1999A73B27928B0F009E5DDA /* SEEpisodeDetailPresenter.swift in Sources */ = {isa = PBXBuildFile; fileRef = 1999A73A27928B0F009E5DDA /* SEEpisodeDetailPresenter.swift */; };
		1999A73C27928B0F009E5DDA /* SEEpisodeDetailPresenter.swift in Sources */ = {isa = PBXBuildFile; fileRef = 1999A73A27928B0F009E5DDA /* SEEpisodeDetailPresenter.swift */; };
		1999A73E27928B19009E5DDA /* SEEpisodeDetailRouter.swift in Sources */ = {isa = PBXBuildFile; fileRef = 1999A73D27928B19009E5DDA /* SEEpisodeDetailRouter.swift */; };
		1999A73F27928B19009E5DDA /* SEEpisodeDetailRouter.swift in Sources */ = {isa = PBXBuildFile; fileRef = 1999A73D27928B19009E5DDA /* SEEpisodeDetailRouter.swift */; };
		1999A74127928B26009E5DDA /* SEEpisodeDetailConfigurator.swift in Sources */ = {isa = PBXBuildFile; fileRef = 1999A74027928B26009E5DDA /* SEEpisodeDetailConfigurator.swift */; };
		1999A74227928B26009E5DDA /* SEEpisodeDetailConfigurator.swift in Sources */ = {isa = PBXBuildFile; fileRef = 1999A74027928B26009E5DDA /* SEEpisodeDetailConfigurator.swift */; };
		1999A74527929EFF009E5DDA /* SETabBarViewController.swift in Sources */ = {isa = PBXBuildFile; fileRef = 1999A74427929EFF009E5DDA /* SETabBarViewController.swift */; };
		1999A74627929EFF009E5DDA /* SETabBarViewController.swift in Sources */ = {isa = PBXBuildFile; fileRef = 1999A74427929EFF009E5DDA /* SETabBarViewController.swift */; };
		1999A7492792A3C6009E5DDA /* SEPeopleViewController.swift in Sources */ = {isa = PBXBuildFile; fileRef = 1999A7482792A3C6009E5DDA /* SEPeopleViewController.swift */; };
		1999A74A2792A3C6009E5DDA /* SEPeopleViewController.swift in Sources */ = {isa = PBXBuildFile; fileRef = 1999A7482792A3C6009E5DDA /* SEPeopleViewController.swift */; };
		19D7D41D278E8C6C0086197C /* AppDelegate.swift in Sources */ = {isa = PBXBuildFile; fileRef = 19D7D41C278E8C6C0086197C /* AppDelegate.swift */; };
		19D7D41F278E8C6C0086197C /* SceneDelegate.swift in Sources */ = {isa = PBXBuildFile; fileRef = 19D7D41E278E8C6C0086197C /* SceneDelegate.swift */; };
		19D7D421278E8C6C0086197C /* SEHomeViewController.swift in Sources */ = {isa = PBXBuildFile; fileRef = 19D7D420278E8C6C0086197C /* SEHomeViewController.swift */; };
		19D7D426278E8C6D0086197C /* Assets.xcassets in Resources */ = {isa = PBXBuildFile; fileRef = 19D7D425278E8C6D0086197C /* Assets.xcassets */; };
		19D7D429278E8C6D0086197C /* LaunchScreen.storyboard in Resources */ = {isa = PBXBuildFile; fileRef = 19D7D427278E8C6D0086197C /* LaunchScreen.storyboard */; };
		19D7D434278E8C6D0086197C /* SeriesTests.swift in Sources */ = {isa = PBXBuildFile; fileRef = 19D7D433278E8C6D0086197C /* SeriesTests.swift */; };
		19D7D43F278E8C6D0086197C /* SeriesUITests.swift in Sources */ = {isa = PBXBuildFile; fileRef = 19D7D43E278E8C6D0086197C /* SeriesUITests.swift */; };
		19D7D462278E97F60086197C /* SEHomeViewController.swift in Sources */ = {isa = PBXBuildFile; fileRef = 19D7D420278E8C6C0086197C /* SEHomeViewController.swift */; };
		19D7D463278E97F60086197C /* AppDelegate.swift in Sources */ = {isa = PBXBuildFile; fileRef = 19D7D41C278E8C6C0086197C /* AppDelegate.swift */; };
		19D7D464278E97F60086197C /* SceneDelegate.swift in Sources */ = {isa = PBXBuildFile; fileRef = 19D7D41E278E8C6C0086197C /* SceneDelegate.swift */; };
		19D7D467278E97F60086197C /* LaunchScreen.storyboard in Resources */ = {isa = PBXBuildFile; fileRef = 19D7D427278E8C6D0086197C /* LaunchScreen.storyboard */; };
		19D7D468278E97F60086197C /* Assets.xcassets in Resources */ = {isa = PBXBuildFile; fileRef = 19D7D425278E8C6D0086197C /* Assets.xcassets */; };
		19D7D471278E9A6C0086197C /* WebServicesManager.swift in Sources */ = {isa = PBXBuildFile; fileRef = 19D7D470278E9A6C0086197C /* WebServicesManager.swift */; };
		19D7D472278E9A6C0086197C /* WebServicesManager.swift in Sources */ = {isa = PBXBuildFile; fileRef = 19D7D470278E9A6C0086197C /* WebServicesManager.swift */; };
		19D7D474278E9A970086197C /* NetworkManager.swift in Sources */ = {isa = PBXBuildFile; fileRef = 19D7D473278E9A970086197C /* NetworkManager.swift */; };
		19D7D475278E9A970086197C /* NetworkManager.swift in Sources */ = {isa = PBXBuildFile; fileRef = 19D7D473278E9A970086197C /* NetworkManager.swift */; };
		19D7D477278E9AD10086197C /* SEError.swift in Sources */ = {isa = PBXBuildFile; fileRef = 19D7D476278E9AD10086197C /* SEError.swift */; };
		19D7D478278E9AD10086197C /* SEError.swift in Sources */ = {isa = PBXBuildFile; fileRef = 19D7D476278E9AD10086197C /* SEError.swift */; };
		19D7D47A278E9B290086197C /* NetworkConfiguration.swift in Sources */ = {isa = PBXBuildFile; fileRef = 19D7D479278E9B290086197C /* NetworkConfiguration.swift */; };
		19D7D47B278E9B290086197C /* NetworkConfiguration.swift in Sources */ = {isa = PBXBuildFile; fileRef = 19D7D479278E9B290086197C /* NetworkConfiguration.swift */; };
		19D7D47D278E9BAC0086197C /* SEKeys.swift in Sources */ = {isa = PBXBuildFile; fileRef = 19D7D47C278E9BAC0086197C /* SEKeys.swift */; };
		19D7D47E278E9BAC0086197C /* SEKeys.swift in Sources */ = {isa = PBXBuildFile; fileRef = 19D7D47C278E9BAC0086197C /* SEKeys.swift */; };
		19D7D482278E9F890086197C /* Localizable.strings in Resources */ = {isa = PBXBuildFile; fileRef = 19D7D485278E9F890086197C /* Localizable.strings */; };
		19D7D483278E9F890086197C /* Localizable.strings in Resources */ = {isa = PBXBuildFile; fileRef = 19D7D485278E9F890086197C /* Localizable.strings */; };
		19D7D591278F45FA0086197C /* SENavigationViewController.swift in Sources */ = {isa = PBXBuildFile; fileRef = 19D7D590278F45FA0086197C /* SENavigationViewController.swift */; };
		19D7D592278F45FA0086197C /* SENavigationViewController.swift in Sources */ = {isa = PBXBuildFile; fileRef = 19D7D590278F45FA0086197C /* SENavigationViewController.swift */; };
		19D7D594278F47B40086197C /* SEStylesApp.swift in Sources */ = {isa = PBXBuildFile; fileRef = 19D7D593278F47B40086197C /* SEStylesApp.swift */; };
		19D7D595278F47B40086197C /* SEStylesApp.swift in Sources */ = {isa = PBXBuildFile; fileRef = 19D7D593278F47B40086197C /* SEStylesApp.swift */; };
		19D7D599278F4E620086197C /* SEShowModel.swift in Sources */ = {isa = PBXBuildFile; fileRef = 19D7D598278F4E620086197C /* SEShowModel.swift */; };
		19D7D59A278F4E620086197C /* SEShowModel.swift in Sources */ = {isa = PBXBuildFile; fileRef = 19D7D598278F4E620086197C /* SEShowModel.swift */; };
		19D7D59C278F4F3A0086197C /* SEShowUseCase.swift in Sources */ = {isa = PBXBuildFile; fileRef = 19D7D59B278F4F3A0086197C /* SEShowUseCase.swift */; };
		19D7D59D278F4F3A0086197C /* SEShowUseCase.swift in Sources */ = {isa = PBXBuildFile; fileRef = 19D7D59B278F4F3A0086197C /* SEShowUseCase.swift */; };
		19D7D5A0278F50E80086197C /* SEShowModelData.swift in Sources */ = {isa = PBXBuildFile; fileRef = 19D7D59F278F50E80086197C /* SEShowModelData.swift */; };
		19D7D5A1278F50E80086197C /* SEShowModelData.swift in Sources */ = {isa = PBXBuildFile; fileRef = 19D7D59F278F50E80086197C /* SEShowModelData.swift */; };
		19D7D5A4278F560E0086197C /* SEShowRepositoryProtocol.swift in Sources */ = {isa = PBXBuildFile; fileRef = 19D7D5A3278F560E0086197C /* SEShowRepositoryProtocol.swift */; };
		19D7D5A5278F560E0086197C /* SEShowRepositoryProtocol.swift in Sources */ = {isa = PBXBuildFile; fileRef = 19D7D5A3278F560E0086197C /* SEShowRepositoryProtocol.swift */; };
		19D7D5AA27905FC30086197C /* SEShowRepository.swift in Sources */ = {isa = PBXBuildFile; fileRef = 19D7D5A927905FC30086197C /* SEShowRepository.swift */; };
		19D7D5AB27905FC30086197C /* SEShowRepository.swift in Sources */ = {isa = PBXBuildFile; fileRef = 19D7D5A927905FC30086197C /* SEShowRepository.swift */; };
		19D7D5AD279097210086197C /* SEHomePresenter.swift in Sources */ = {isa = PBXBuildFile; fileRef = 19D7D5AC279097210086197C /* SEHomePresenter.swift */; };
		19D7D5AE279097210086197C /* SEHomePresenter.swift in Sources */ = {isa = PBXBuildFile; fileRef = 19D7D5AC279097210086197C /* SEHomePresenter.swift */; };
		19D7D5B02790972C0086197C /* SEHomeRouter.swift in Sources */ = {isa = PBXBuildFile; fileRef = 19D7D5AF2790972C0086197C /* SEHomeRouter.swift */; };
		19D7D5B12790972C0086197C /* SEHomeRouter.swift in Sources */ = {isa = PBXBuildFile; fileRef = 19D7D5AF2790972C0086197C /* SEHomeRouter.swift */; };
		19D7D5B3279097360086197C /* SEHomeConfigurator.swift in Sources */ = {isa = PBXBuildFile; fileRef = 19D7D5B2279097360086197C /* SEHomeConfigurator.swift */; };
		19D7D5B4279097360086197C /* SEHomeConfigurator.swift in Sources */ = {isa = PBXBuildFile; fileRef = 19D7D5B2279097360086197C /* SEHomeConfigurator.swift */; };
		19D7D5B82790A3F90086197C /* SEShowCollectionViewCell.swift in Sources */ = {isa = PBXBuildFile; fileRef = 19D7D5B72790A3F90086197C /* SEShowCollectionViewCell.swift */; };
		19D7D5B92790A3F90086197C /* SEShowCollectionViewCell.swift in Sources */ = {isa = PBXBuildFile; fileRef = 19D7D5B72790A3F90086197C /* SEShowCollectionViewCell.swift */; };
		19D7D6C42790D63A0086197C /* SEPosterUseCase.swift in Sources */ = {isa = PBXBuildFile; fileRef = 19D7D6C32790D63A0086197C /* SEPosterUseCase.swift */; };
		19D7D6C52790D63A0086197C /* SEPosterUseCase.swift in Sources */ = {isa = PBXBuildFile; fileRef = 19D7D6C32790D63A0086197C /* SEPosterUseCase.swift */; };
		19D7D6C82790D7BE0086197C /* SEPosterRepositoryProtocol.swift in Sources */ = {isa = PBXBuildFile; fileRef = 19D7D6C72790D7BE0086197C /* SEPosterRepositoryProtocol.swift */; };
		19D7D6C92790D7BE0086197C /* SEPosterRepositoryProtocol.swift in Sources */ = {isa = PBXBuildFile; fileRef = 19D7D6C72790D7BE0086197C /* SEPosterRepositoryProtocol.swift */; };
		19D7D6CC2790D9310086197C /* SEPosterRepository.swift in Sources */ = {isa = PBXBuildFile; fileRef = 19D7D6CB2790D9310086197C /* SEPosterRepository.swift */; };
		19D7D6CD2790D9310086197C /* SEPosterRepository.swift in Sources */ = {isa = PBXBuildFile; fileRef = 19D7D6CB2790D9310086197C /* SEPosterRepository.swift */; };
		19D7D6CF2790DAC60086197C /* SEShowCellPresenter.swift in Sources */ = {isa = PBXBuildFile; fileRef = 19D7D6CE2790DAC60086197C /* SEShowCellPresenter.swift */; };
		19D7D6D02790DAC60086197C /* SEShowCellPresenter.swift in Sources */ = {isa = PBXBuildFile; fileRef = 19D7D6CE2790DAC60086197C /* SEShowCellPresenter.swift */; };
		19D7D6D22790DAEE0086197C /* SEShowCellConfigurator.swift in Sources */ = {isa = PBXBuildFile; fileRef = 19D7D6D12790DAEE0086197C /* SEShowCellConfigurator.swift */; };
		19D7D6D32790DAEE0086197C /* SEShowCellConfigurator.swift in Sources */ = {isa = PBXBuildFile; fileRef = 19D7D6D12790DAEE0086197C /* SEShowCellConfigurator.swift */; };
		19D7D6D627914C460086197C /* SEShowDetailUseCase.swift in Sources */ = {isa = PBXBuildFile; fileRef = 19D7D6D527914C460086197C /* SEShowDetailUseCase.swift */; };
		19D7D6D727914C460086197C /* SEShowDetailUseCase.swift in Sources */ = {isa = PBXBuildFile; fileRef = 19D7D6D527914C460086197C /* SEShowDetailUseCase.swift */; };
		19D7D6DA27914C5D0086197C /* SEShowDetailRepositoryProtocol.swift in Sources */ = {isa = PBXBuildFile; fileRef = 19D7D6D927914C5D0086197C /* SEShowDetailRepositoryProtocol.swift */; };
		19D7D6DB27914C5D0086197C /* SEShowDetailRepositoryProtocol.swift in Sources */ = {isa = PBXBuildFile; fileRef = 19D7D6D927914C5D0086197C /* SEShowDetailRepositoryProtocol.swift */; };
		19D7D6DE279158780086197C /* SEShowDetailModel.swift in Sources */ = {isa = PBXBuildFile; fileRef = 19D7D6DD279158780086197C /* SEShowDetailModel.swift */; };
		19D7D6DF279158780086197C /* SEShowDetailModel.swift in Sources */ = {isa = PBXBuildFile; fileRef = 19D7D6DD279158780086197C /* SEShowDetailModel.swift */; };
		19D7D6E227915AEB0086197C /* SEShowDetailModelData.swift in Sources */ = {isa = PBXBuildFile; fileRef = 19D7D6E127915AEB0086197C /* SEShowDetailModelData.swift */; };
		19D7D6E327915AEB0086197C /* SEShowDetailModelData.swift in Sources */ = {isa = PBXBuildFile; fileRef = 19D7D6E127915AEB0086197C /* SEShowDetailModelData.swift */; };
		19D7D6E627915D9E0086197C /* SEShowDetailRepository.swift in Sources */ = {isa = PBXBuildFile; fileRef = 19D7D6E527915D9D0086197C /* SEShowDetailRepository.swift */; };
		19D7D6E727915D9E0086197C /* SEShowDetailRepository.swift in Sources */ = {isa = PBXBuildFile; fileRef = 19D7D6E527915D9D0086197C /* SEShowDetailRepository.swift */; };
		19D7D6EA279160E90086197C /* SEShowDetailViewController.swift in Sources */ = {isa = PBXBuildFile; fileRef = 19D7D6E9279160E90086197C /* SEShowDetailViewController.swift */; };
		19D7D6EB279160E90086197C /* SEShowDetailViewController.swift in Sources */ = {isa = PBXBuildFile; fileRef = 19D7D6E9279160E90086197C /* SEShowDetailViewController.swift */; };
		19D7D6ED279160F30086197C /* SEShowDetailPresenter.swift in Sources */ = {isa = PBXBuildFile; fileRef = 19D7D6EC279160F30086197C /* SEShowDetailPresenter.swift */; };
		19D7D6EE279160F30086197C /* SEShowDetailPresenter.swift in Sources */ = {isa = PBXBuildFile; fileRef = 19D7D6EC279160F30086197C /* SEShowDetailPresenter.swift */; };
		19D7D6F0279160FB0086197C /* SEShowDetailRouter.swift in Sources */ = {isa = PBXBuildFile; fileRef = 19D7D6EF279160FB0086197C /* SEShowDetailRouter.swift */; };
		19D7D6F1279160FB0086197C /* SEShowDetailRouter.swift in Sources */ = {isa = PBXBuildFile; fileRef = 19D7D6EF279160FB0086197C /* SEShowDetailRouter.swift */; };
		19D7D6F3279161040086197C /* SEShowDetailConfigurator.swift in Sources */ = {isa = PBXBuildFile; fileRef = 19D7D6F2279161040086197C /* SEShowDetailConfigurator.swift */; };
		19D7D6F4279161040086197C /* SEShowDetailConfigurator.swift in Sources */ = {isa = PBXBuildFile; fileRef = 19D7D6F2279161040086197C /* SEShowDetailConfigurator.swift */; };
/* End PBXBuildFile section */

/* Begin PBXContainerItemProxy section */
		19D7D430278E8C6D0086197C /* PBXContainerItemProxy */ = {
			isa = PBXContainerItemProxy;
			containerPortal = 19D7D411278E8C6C0086197C /* Project object */;
			proxyType = 1;
			remoteGlobalIDString = 19D7D418278E8C6C0086197C;
			remoteInfo = Series;
		};
		19D7D43B278E8C6D0086197C /* PBXContainerItemProxy */ = {
			isa = PBXContainerItemProxy;
			containerPortal = 19D7D411278E8C6C0086197C /* Project object */;
			proxyType = 1;
			remoteGlobalIDString = 19D7D418278E8C6C0086197C;
			remoteInfo = Series;
		};
/* End PBXContainerItemProxy section */

/* Begin PBXFileReference section */
		1999A7242791F38B009E5DDA /* SEInfoView.swift */ = {isa = PBXFileReference; lastKnownFileType = sourcecode.swift; path = SEInfoView.swift; sourceTree = "<group>"; };
		1999A729279224AA009E5DDA /* SESeasonCollectionViewCell.swift */ = {isa = PBXFileReference; lastKnownFileType = sourcecode.swift; path = SESeasonCollectionViewCell.swift; sourceTree = "<group>"; };
		1999A7312792420F009E5DDA /* SESeasonsHeaderCollectionReusableView.swift */ = {isa = PBXFileReference; lastKnownFileType = sourcecode.swift; path = SESeasonsHeaderCollectionReusableView.swift; sourceTree = "<group>"; };
		1999A73427925243009E5DDA /* SEDetailTests.swift */ = {isa = PBXFileReference; lastKnownFileType = sourcecode.swift; path = SEDetailTests.swift; sourceTree = "<group>"; };
		1999A73727928B07009E5DDA /* SEEpisodeDetailViewController.swift */ = {isa = PBXFileReference; lastKnownFileType = sourcecode.swift; path = SEEpisodeDetailViewController.swift; sourceTree = "<group>"; };
		1999A73A27928B0F009E5DDA /* SEEpisodeDetailPresenter.swift */ = {isa = PBXFileReference; lastKnownFileType = sourcecode.swift; path = SEEpisodeDetailPresenter.swift; sourceTree = "<group>"; };
		1999A73D27928B19009E5DDA /* SEEpisodeDetailRouter.swift */ = {isa = PBXFileReference; lastKnownFileType = sourcecode.swift; path = SEEpisodeDetailRouter.swift; sourceTree = "<group>"; };
		1999A74027928B26009E5DDA /* SEEpisodeDetailConfigurator.swift */ = {isa = PBXFileReference; lastKnownFileType = sourcecode.swift; path = SEEpisodeDetailConfigurator.swift; sourceTree = "<group>"; };
		1999A74427929EFF009E5DDA /* SETabBarViewController.swift */ = {isa = PBXFileReference; lastKnownFileType = sourcecode.swift; path = SETabBarViewController.swift; sourceTree = "<group>"; };
		1999A7482792A3C6009E5DDA /* SEPeopleViewController.swift */ = {isa = PBXFileReference; lastKnownFileType = sourcecode.swift; path = SEPeopleViewController.swift; sourceTree = "<group>"; };
		19D7D419278E8C6C0086197C /* Series.app */ = {isa = PBXFileReference; explicitFileType = wrapper.application; includeInIndex = 0; path = Series.app; sourceTree = BUILT_PRODUCTS_DIR; };
		19D7D41C278E8C6C0086197C /* AppDelegate.swift */ = {isa = PBXFileReference; lastKnownFileType = sourcecode.swift; path = AppDelegate.swift; sourceTree = "<group>"; };
		19D7D41E278E8C6C0086197C /* SceneDelegate.swift */ = {isa = PBXFileReference; lastKnownFileType = sourcecode.swift; path = SceneDelegate.swift; sourceTree = "<group>"; };
		19D7D420278E8C6C0086197C /* SEHomeViewController.swift */ = {isa = PBXFileReference; lastKnownFileType = sourcecode.swift; path = SEHomeViewController.swift; sourceTree = "<group>"; };
		19D7D425278E8C6D0086197C /* Assets.xcassets */ = {isa = PBXFileReference; lastKnownFileType = folder.assetcatalog; path = Assets.xcassets; sourceTree = "<group>"; };
		19D7D428278E8C6D0086197C /* Base */ = {isa = PBXFileReference; lastKnownFileType = file.storyboard; name = Base; path = Base.lproj/LaunchScreen.storyboard; sourceTree = "<group>"; };
		19D7D42A278E8C6D0086197C /* Info.plist */ = {isa = PBXFileReference; lastKnownFileType = text.plist.xml; path = Info.plist; sourceTree = "<group>"; };
		19D7D42F278E8C6D0086197C /* SeriesTests.xctest */ = {isa = PBXFileReference; explicitFileType = wrapper.cfbundle; includeInIndex = 0; path = SeriesTests.xctest; sourceTree = BUILT_PRODUCTS_DIR; };
		19D7D433278E8C6D0086197C /* SeriesTests.swift */ = {isa = PBXFileReference; lastKnownFileType = sourcecode.swift; path = SeriesTests.swift; sourceTree = "<group>"; };
		19D7D435278E8C6D0086197C /* Info.plist */ = {isa = PBXFileReference; lastKnownFileType = text.plist.xml; path = Info.plist; sourceTree = "<group>"; };
		19D7D43A278E8C6D0086197C /* SeriesUITests.xctest */ = {isa = PBXFileReference; explicitFileType = wrapper.cfbundle; includeInIndex = 0; path = SeriesUITests.xctest; sourceTree = BUILT_PRODUCTS_DIR; };
		19D7D43E278E8C6D0086197C /* SeriesUITests.swift */ = {isa = PBXFileReference; lastKnownFileType = sourcecode.swift; path = SeriesUITests.swift; sourceTree = "<group>"; };
		19D7D440278E8C6D0086197C /* Info.plist */ = {isa = PBXFileReference; lastKnownFileType = text.plist.xml; path = Info.plist; sourceTree = "<group>"; };
		19D7D46C278E97F60086197C /* Series-Test.app */ = {isa = PBXFileReference; explicitFileType = wrapper.application; includeInIndex = 0; path = "Series-Test.app"; sourceTree = BUILT_PRODUCTS_DIR; };
		19D7D46E278E98580086197C /* Info_Test.plist */ = {isa = PBXFileReference; fileEncoding = 4; lastKnownFileType = text.plist.xml; path = Info_Test.plist; sourceTree = "<group>"; };
		19D7D470278E9A6C0086197C /* WebServicesManager.swift */ = {isa = PBXFileReference; lastKnownFileType = sourcecode.swift; path = WebServicesManager.swift; sourceTree = "<group>"; };
		19D7D473278E9A970086197C /* NetworkManager.swift */ = {isa = PBXFileReference; lastKnownFileType = sourcecode.swift; path = NetworkManager.swift; sourceTree = "<group>"; };
		19D7D476278E9AD10086197C /* SEError.swift */ = {isa = PBXFileReference; lastKnownFileType = sourcecode.swift; path = SEError.swift; sourceTree = "<group>"; };
		19D7D479278E9B290086197C /* NetworkConfiguration.swift */ = {isa = PBXFileReference; lastKnownFileType = sourcecode.swift; path = NetworkConfiguration.swift; sourceTree = "<group>"; };
		19D7D47C278E9BAC0086197C /* SEKeys.swift */ = {isa = PBXFileReference; lastKnownFileType = sourcecode.swift; path = SEKeys.swift; sourceTree = "<group>"; };
		19D7D484278E9F890086197C /* en */ = {isa = PBXFileReference; lastKnownFileType = text.plist.strings; name = en; path = en.lproj/Localizable.strings; sourceTree = "<group>"; };
		19D7D486278EA0430086197C /* es-419 */ = {isa = PBXFileReference; lastKnownFileType = text.plist.strings; name = "es-419"; path = "es-419.lproj/Localizable.strings"; sourceTree = "<group>"; };
		19D7D590278F45FA0086197C /* SENavigationViewController.swift */ = {isa = PBXFileReference; lastKnownFileType = sourcecode.swift; path = SENavigationViewController.swift; sourceTree = "<group>"; };
		19D7D593278F47B40086197C /* SEStylesApp.swift */ = {isa = PBXFileReference; lastKnownFileType = sourcecode.swift; path = SEStylesApp.swift; sourceTree = "<group>"; };
		19D7D598278F4E620086197C /* SEShowModel.swift */ = {isa = PBXFileReference; lastKnownFileType = sourcecode.swift; path = SEShowModel.swift; sourceTree = "<group>"; };
		19D7D59B278F4F3A0086197C /* SEShowUseCase.swift */ = {isa = PBXFileReference; lastKnownFileType = sourcecode.swift; path = SEShowUseCase.swift; sourceTree = "<group>"; };
		19D7D59F278F50E80086197C /* SEShowModelData.swift */ = {isa = PBXFileReference; lastKnownFileType = sourcecode.swift; path = SEShowModelData.swift; sourceTree = "<group>"; };
		19D7D5A3278F560E0086197C /* SEShowRepositoryProtocol.swift */ = {isa = PBXFileReference; lastKnownFileType = sourcecode.swift; path = SEShowRepositoryProtocol.swift; sourceTree = "<group>"; };
		19D7D5A927905FC30086197C /* SEShowRepository.swift */ = {isa = PBXFileReference; lastKnownFileType = sourcecode.swift; path = SEShowRepository.swift; sourceTree = "<group>"; };
		19D7D5AC279097210086197C /* SEHomePresenter.swift */ = {isa = PBXFileReference; lastKnownFileType = sourcecode.swift; path = SEHomePresenter.swift; sourceTree = "<group>"; };
		19D7D5AF2790972C0086197C /* SEHomeRouter.swift */ = {isa = PBXFileReference; lastKnownFileType = sourcecode.swift; path = SEHomeRouter.swift; sourceTree = "<group>"; };
		19D7D5B2279097360086197C /* SEHomeConfigurator.swift */ = {isa = PBXFileReference; lastKnownFileType = sourcecode.swift; path = SEHomeConfigurator.swift; sourceTree = "<group>"; };
		19D7D5B72790A3F90086197C /* SEShowCollectionViewCell.swift */ = {isa = PBXFileReference; lastKnownFileType = sourcecode.swift; path = SEShowCollectionViewCell.swift; sourceTree = "<group>"; };
		19D7D6C32790D63A0086197C /* SEPosterUseCase.swift */ = {isa = PBXFileReference; lastKnownFileType = sourcecode.swift; path = SEPosterUseCase.swift; sourceTree = "<group>"; };
		19D7D6C72790D7BE0086197C /* SEPosterRepositoryProtocol.swift */ = {isa = PBXFileReference; lastKnownFileType = sourcecode.swift; path = SEPosterRepositoryProtocol.swift; sourceTree = "<group>"; };
		19D7D6CB2790D9310086197C /* SEPosterRepository.swift */ = {isa = PBXFileReference; lastKnownFileType = sourcecode.swift; path = SEPosterRepository.swift; sourceTree = "<group>"; };
		19D7D6CE2790DAC60086197C /* SEShowCellPresenter.swift */ = {isa = PBXFileReference; lastKnownFileType = sourcecode.swift; path = SEShowCellPresenter.swift; sourceTree = "<group>"; };
		19D7D6D12790DAEE0086197C /* SEShowCellConfigurator.swift */ = {isa = PBXFileReference; lastKnownFileType = sourcecode.swift; path = SEShowCellConfigurator.swift; sourceTree = "<group>"; };
		19D7D6D527914C460086197C /* SEShowDetailUseCase.swift */ = {isa = PBXFileReference; lastKnownFileType = sourcecode.swift; path = SEShowDetailUseCase.swift; sourceTree = "<group>"; };
		19D7D6D927914C5D0086197C /* SEShowDetailRepositoryProtocol.swift */ = {isa = PBXFileReference; lastKnownFileType = sourcecode.swift; path = SEShowDetailRepositoryProtocol.swift; sourceTree = "<group>"; };
		19D7D6DD279158780086197C /* SEShowDetailModel.swift */ = {isa = PBXFileReference; lastKnownFileType = sourcecode.swift; path = SEShowDetailModel.swift; sourceTree = "<group>"; };
		19D7D6E127915AEB0086197C /* SEShowDetailModelData.swift */ = {isa = PBXFileReference; lastKnownFileType = sourcecode.swift; path = SEShowDetailModelData.swift; sourceTree = "<group>"; };
		19D7D6E527915D9D0086197C /* SEShowDetailRepository.swift */ = {isa = PBXFileReference; lastKnownFileType = sourcecode.swift; path = SEShowDetailRepository.swift; sourceTree = "<group>"; };
		19D7D6E9279160E90086197C /* SEShowDetailViewController.swift */ = {isa = PBXFileReference; lastKnownFileType = sourcecode.swift; path = SEShowDetailViewController.swift; sourceTree = "<group>"; };
		19D7D6EC279160F30086197C /* SEShowDetailPresenter.swift */ = {isa = PBXFileReference; lastKnownFileType = sourcecode.swift; path = SEShowDetailPresenter.swift; sourceTree = "<group>"; };
		19D7D6EF279160FB0086197C /* SEShowDetailRouter.swift */ = {isa = PBXFileReference; lastKnownFileType = sourcecode.swift; path = SEShowDetailRouter.swift; sourceTree = "<group>"; };
		19D7D6F2279161040086197C /* SEShowDetailConfigurator.swift */ = {isa = PBXFileReference; lastKnownFileType = sourcecode.swift; path = SEShowDetailConfigurator.swift; sourceTree = "<group>"; };
/* End PBXFileReference section */

/* Begin PBXFrameworksBuildPhase section */
		19D7D416278E8C6C0086197C /* Frameworks */ = {
			isa = PBXFrameworksBuildPhase;
			buildActionMask = 2147483647;
			files = (
			);
			runOnlyForDeploymentPostprocessing = 0;
		};
		19D7D42C278E8C6D0086197C /* Frameworks */ = {
			isa = PBXFrameworksBuildPhase;
			buildActionMask = 2147483647;
			files = (
			);
			runOnlyForDeploymentPostprocessing = 0;
		};
		19D7D437278E8C6D0086197C /* Frameworks */ = {
			isa = PBXFrameworksBuildPhase;
			buildActionMask = 2147483647;
			files = (
			);
			runOnlyForDeploymentPostprocessing = 0;
		};
		19D7D465278E97F60086197C /* Frameworks */ = {
			isa = PBXFrameworksBuildPhase;
			buildActionMask = 2147483647;
			files = (
			);
			runOnlyForDeploymentPostprocessing = 0;
		};
/* End PBXFrameworksBuildPhase section */

/* Begin PBXGroup section */
		1999A7232791F372009E5DDA /* InfoView */ = {
			isa = PBXGroup;
			children = (
				1999A7242791F38B009E5DDA /* SEInfoView.swift */,
			);
			path = InfoView;
			sourceTree = "<group>";
		};
		1999A7272792246A009E5DDA /* Show */ = {
			isa = PBXGroup;
			children = (
				19D7D5B72790A3F90086197C /* SEShowCollectionViewCell.swift */,
				19D7D6CE2790DAC60086197C /* SEShowCellPresenter.swift */,
				19D7D6D12790DAEE0086197C /* SEShowCellConfigurator.swift */,
			);
			path = Show;
			sourceTree = "<group>";
		};
		1999A72827922475009E5DDA /* Season */ = {
			isa = PBXGroup;
			children = (
				1999A729279224AA009E5DDA /* SESeasonCollectionViewCell.swift */,
			);
			path = Season;
			sourceTree = "<group>";
		};
		1999A730279241E3009E5DDA /* SupplementaryView */ = {
			isa = PBXGroup;
			children = (
				1999A7312792420F009E5DDA /* SESeasonsHeaderCollectionReusableView.swift */,
			);
			path = SupplementaryView;
			sourceTree = "<group>";
		};
		1999A73627928AE3009E5DDA /* EpisodeDetail */ = {
			isa = PBXGroup;
			children = (
				1999A73727928B07009E5DDA /* SEEpisodeDetailViewController.swift */,
				1999A73A27928B0F009E5DDA /* SEEpisodeDetailPresenter.swift */,
				1999A73D27928B19009E5DDA /* SEEpisodeDetailRouter.swift */,
				1999A74027928B26009E5DDA /* SEEpisodeDetailConfigurator.swift */,
			);
			path = EpisodeDetail;
			sourceTree = "<group>";
		};
		1999A74327929ED6009E5DDA /* TabBar */ = {
			isa = PBXGroup;
			children = (
				1999A74427929EFF009E5DDA /* SETabBarViewController.swift */,
			);
			path = TabBar;
			sourceTree = "<group>";
		};
		1999A7472792A3AD009E5DDA /* People */ = {
			isa = PBXGroup;
			children = (
				1999A7482792A3C6009E5DDA /* SEPeopleViewController.swift */,
			);
			path = People;
			sourceTree = "<group>";
		};
		19D7D410278E8C6C0086197C = {
			isa = PBXGroup;
			children = (
				19D7D41B278E8C6C0086197C /* Series */,
				19D7D432278E8C6D0086197C /* SeriesTests */,
				19D7D43D278E8C6D0086197C /* SeriesUITests */,
				19D7D41A278E8C6C0086197C /* Products */,
			);
			sourceTree = "<group>";
		};
		19D7D41A278E8C6C0086197C /* Products */ = {
			isa = PBXGroup;
			children = (
				19D7D419278E8C6C0086197C /* Series.app */,
				19D7D42F278E8C6D0086197C /* SeriesTests.xctest */,
				19D7D43A278E8C6D0086197C /* SeriesUITests.xctest */,
				19D7D46C278E97F60086197C /* Series-Test.app */,
			);
			name = Products;
			sourceTree = "<group>";
		};
		19D7D41B278E8C6C0086197C /* Series */ = {
			isa = PBXGroup;
			children = (
				19D7D44E278E90CA0086197C /* Domain */,
				19D7D44D278E90C40086197C /* Data */,
				19D7D44C278E90BA0086197C /* Presentation */,
				19D7D44F278E90D50086197C /* Supporting Files */,
				19D7D450278E90E90086197C /* Resources */,
			);
			path = Series;
			sourceTree = "<group>";
		};
		19D7D432278E8C6D0086197C /* SeriesTests */ = {
			isa = PBXGroup;
			children = (
				19D7D433278E8C6D0086197C /* SeriesTests.swift */,
				19D7D435278E8C6D0086197C /* Info.plist */,
				1999A73427925243009E5DDA /* SEDetailTests.swift */,
			);
			path = SeriesTests;
			sourceTree = "<group>";
		};
		19D7D43D278E8C6D0086197C /* SeriesUITests */ = {
			isa = PBXGroup;
			children = (
				19D7D43E278E8C6D0086197C /* SeriesUITests.swift */,
				19D7D440278E8C6D0086197C /* Info.plist */,
			);
			path = SeriesUITests;
			sourceTree = "<group>";
		};
		19D7D44C278E90BA0086197C /* Presentation */ = {
			isa = PBXGroup;
			children = (
				19D7D45A278E93090086197C /* View */,
				19D7D459278E92FA0086197C /* UI */,
				19D7D458278E92F40086197C /* Support */,
			);
			path = Presentation;
			sourceTree = "<group>";
		};
		19D7D44D278E90C40086197C /* Data */ = {
			isa = PBXGroup;
			children = (
				19D7D454278E92BF0086197C /* Util */,
				19D7D453278E92B70086197C /* DataSource */,
				19D7D452278E92B20086197C /* Model */,
				19D7D451278E92A70086197C /* Repository */,
			);
			path = Data;
			sourceTree = "<group>";
		};
		19D7D44E278E90CA0086197C /* Domain */ = {
			isa = PBXGroup;
			children = (
				19D7D457278E92D60086197C /* UseCase */,
				19D7D456278E92D20086197C /* Model */,
				19D7D455278E92CD0086197C /* Repository */,
			);
			path = Domain;
			sourceTree = "<group>";
		};
		19D7D44F278E90D50086197C /* Supporting Files */ = {
			isa = PBXGroup;
			children = (
				19D7D46E278E98580086197C /* Info_Test.plist */,
				19D7D42A278E8C6D0086197C /* Info.plist */,
				19D7D485278E9F890086197C /* Localizable.strings */,
			);
			path = "Supporting Files";
			sourceTree = "<group>";
		};
		19D7D450278E90E90086197C /* Resources */ = {
			isa = PBXGroup;
			children = (
				19D7D425278E8C6D0086197C /* Assets.xcassets */,
			);
			path = Resources;
			sourceTree = "<group>";
		};
		19D7D451278E92A70086197C /* Repository */ = {
			isa = PBXGroup;
			children = (
				19D7D6E427915D500086197C /* ShowDetail */,
				19D7D6CA2790D9220086197C /* Poster */,
				19D7D5A827905FB60086197C /* Home */,
			);
			path = Repository;
			sourceTree = "<group>";
		};
		19D7D452278E92B20086197C /* Model */ = {
			isa = PBXGroup;
			children = (
				19D7D6E027915ACF0086197C /* ShowDetail */,
				19D7D59E278F50CC0086197C /* Home */,
			);
			path = Model;
			sourceTree = "<group>";
		};
		19D7D453278E92B70086197C /* DataSource */ = {
			isa = PBXGroup;
			children = (
				19D7D45F278E97930086197C /* Network */,
			);
			path = DataSource;
			sourceTree = "<group>";
		};
		19D7D454278E92BF0086197C /* Util */ = {
			isa = PBXGroup;
			children = (
				19D7D47C278E9BAC0086197C /* SEKeys.swift */,
			);
			path = Util;
			sourceTree = "<group>";
		};
		19D7D455278E92CD0086197C /* Repository */ = {
			isa = PBXGroup;
			children = (
				19D7D6D827914C4D0086197C /* ShowDetail */,
				19D7D6C62790D7AE0086197C /* Poster */,
				19D7D5A2278F55F70086197C /* Home */,
			);
			path = Repository;
			sourceTree = "<group>";
		};
		19D7D456278E92D20086197C /* Model */ = {
			isa = PBXGroup;
			children = (
				19D7D6DC279158620086197C /* ShowDetail */,
				19D7D597278F4E500086197C /* Home */,
			);
			path = Model;
			sourceTree = "<group>";
		};
		19D7D457278E92D60086197C /* UseCase */ = {
			isa = PBXGroup;
			children = (
				19D7D6D427914C2A0086197C /* ShowDetail */,
				19D7D6C22790D59C0086197C /* Poster */,
				19D7D596278F4E4B0086197C /* Home */,
			);
			path = UseCase;
			sourceTree = "<group>";
		};
		19D7D458278E92F40086197C /* Support */ = {
			isa = PBXGroup;
			children = (
				19D7D45D278E939E0086197C /* Custom Views */,
				19D7D45C278E93970086197C /* Extensions */,
				19D7D45B278E938F0086197C /* Style */,
				19D7D41C278E8C6C0086197C /* AppDelegate.swift */,
				19D7D41E278E8C6C0086197C /* SceneDelegate.swift */,
			);
			path = Support;
			sourceTree = "<group>";
		};
		19D7D459278E92FA0086197C /* UI */ = {
			isa = PBXGroup;
			children = (
				19D7D427278E8C6D0086197C /* LaunchScreen.storyboard */,
			);
			path = UI;
			sourceTree = "<group>";
		};
		19D7D45A278E93090086197C /* View */ = {
			isa = PBXGroup;
			children = (
				1999A7472792A3AD009E5DDA /* People */,
				1999A74327929ED6009E5DDA /* TabBar */,
				1999A73627928AE3009E5DDA /* EpisodeDetail */,
				19D7D6E8279160C40086197C /* ShowDetail */,
				19D7D58F278F45C40086197C /* Navigation */,
				19D7D45E278E943D0086197C /* Home */,
			);
			path = View;
			sourceTree = "<group>";
		};
		19D7D45B278E938F0086197C /* Style */ = {
			isa = PBXGroup;
			children = (
				19D7D593278F47B40086197C /* SEStylesApp.swift */,
			);
			path = Style;
			sourceTree = "<group>";
		};
		19D7D45C278E93970086197C /* Extensions */ = {
			isa = PBXGroup;
			children = (
			);
			path = Extensions;
			sourceTree = "<group>";
		};
		19D7D45D278E939E0086197C /* Custom Views */ = {
			isa = PBXGroup;
			children = (
				1999A7232791F372009E5DDA /* InfoView */,
				19D7D5B52790A3B40086197C /* Cells */,
			);
			path = "Custom Views";
			sourceTree = "<group>";
		};
		19D7D45E278E943D0086197C /* Home */ = {
			isa = PBXGroup;
			children = (
				19D7D420278E8C6C0086197C /* SEHomeViewController.swift */,
				19D7D5AC279097210086197C /* SEHomePresenter.swift */,
				19D7D5AF2790972C0086197C /* SEHomeRouter.swift */,
				19D7D5B2279097360086197C /* SEHomeConfigurator.swift */,
			);
			path = Home;
			sourceTree = "<group>";
		};
		19D7D45F278E97930086197C /* Network */ = {
			isa = PBXGroup;
			children = (
				19D7D470278E9A6C0086197C /* WebServicesManager.swift */,
				19D7D473278E9A970086197C /* NetworkManager.swift */,
				19D7D476278E9AD10086197C /* SEError.swift */,
				19D7D479278E9B290086197C /* NetworkConfiguration.swift */,
			);
			path = Network;
			sourceTree = "<group>";
		};
		19D7D58F278F45C40086197C /* Navigation */ = {
			isa = PBXGroup;
			children = (
				19D7D590278F45FA0086197C /* SENavigationViewController.swift */,
			);
			path = Navigation;
			sourceTree = "<group>";
		};
		19D7D596278F4E4B0086197C /* Home */ = {
			isa = PBXGroup;
			children = (
				19D7D59B278F4F3A0086197C /* SEShowUseCase.swift */,
			);
			path = Home;
			sourceTree = "<group>";
		};
		19D7D597278F4E500086197C /* Home */ = {
			isa = PBXGroup;
			children = (
				19D7D598278F4E620086197C /* SEShowModel.swift */,
			);
			path = Home;
			sourceTree = "<group>";
		};
		19D7D59E278F50CC0086197C /* Home */ = {
			isa = PBXGroup;
			children = (
				19D7D59F278F50E80086197C /* SEShowModelData.swift */,
			);
			path = Home;
			sourceTree = "<group>";
		};
		19D7D5A2278F55F70086197C /* Home */ = {
			isa = PBXGroup;
			children = (
				19D7D5A3278F560E0086197C /* SEShowRepositoryProtocol.swift */,
			);
			path = Home;
			sourceTree = "<group>";
		};
		19D7D5A827905FB60086197C /* Home */ = {
			isa = PBXGroup;
			children = (
				19D7D5A927905FC30086197C /* SEShowRepository.swift */,
			);
			path = Home;
			sourceTree = "<group>";
		};
		19D7D5B52790A3B40086197C /* Cells */ = {
			isa = PBXGroup;
			children = (
				1999A730279241E3009E5DDA /* SupplementaryView */,
				19D7D5B62790A3D40086197C /* CollectionCell */,
			);
			path = Cells;
			sourceTree = "<group>";
		};
		19D7D5B62790A3D40086197C /* CollectionCell */ = {
			isa = PBXGroup;
			children = (
				1999A72827922475009E5DDA /* Season */,
				1999A7272792246A009E5DDA /* Show */,
			);
			path = CollectionCell;
			sourceTree = "<group>";
		};
		19D7D6C22790D59C0086197C /* Poster */ = {
			isa = PBXGroup;
			children = (
				19D7D6C32790D63A0086197C /* SEPosterUseCase.swift */,
			);
			path = Poster;
			sourceTree = "<group>";
		};
		19D7D6C62790D7AE0086197C /* Poster */ = {
			isa = PBXGroup;
			children = (
				19D7D6C72790D7BE0086197C /* SEPosterRepositoryProtocol.swift */,
			);
			path = Poster;
			sourceTree = "<group>";
		};
		19D7D6CA2790D9220086197C /* Poster */ = {
			isa = PBXGroup;
			children = (
				19D7D6CB2790D9310086197C /* SEPosterRepository.swift */,
			);
			path = Poster;
			sourceTree = "<group>";
		};
		19D7D6D427914C2A0086197C /* ShowDetail */ = {
			isa = PBXGroup;
			children = (
				19D7D6D527914C460086197C /* SEShowDetailUseCase.swift */,
			);
			path = ShowDetail;
			sourceTree = "<group>";
		};
		19D7D6D827914C4D0086197C /* ShowDetail */ = {
			isa = PBXGroup;
			children = (
				19D7D6D927914C5D0086197C /* SEShowDetailRepositoryProtocol.swift */,
			);
			path = ShowDetail;
			sourceTree = "<group>";
		};
		19D7D6DC279158620086197C /* ShowDetail */ = {
			isa = PBXGroup;
			children = (
				19D7D6DD279158780086197C /* SEShowDetailModel.swift */,
			);
			path = ShowDetail;
			sourceTree = "<group>";
		};
		19D7D6E027915ACF0086197C /* ShowDetail */ = {
			isa = PBXGroup;
			children = (
				19D7D6E127915AEB0086197C /* SEShowDetailModelData.swift */,
			);
			path = ShowDetail;
			sourceTree = "<group>";
		};
		19D7D6E427915D500086197C /* ShowDetail */ = {
			isa = PBXGroup;
			children = (
				19D7D6E527915D9D0086197C /* SEShowDetailRepository.swift */,
			);
			path = ShowDetail;
			sourceTree = "<group>";
		};
		19D7D6E8279160C40086197C /* ShowDetail */ = {
			isa = PBXGroup;
			children = (
				19D7D6E9279160E90086197C /* SEShowDetailViewController.swift */,
				19D7D6EC279160F30086197C /* SEShowDetailPresenter.swift */,
				19D7D6EF279160FB0086197C /* SEShowDetailRouter.swift */,
				19D7D6F2279161040086197C /* SEShowDetailConfigurator.swift */,
			);
			path = ShowDetail;
			sourceTree = "<group>";
		};
/* End PBXGroup section */

/* Begin PBXNativeTarget section */
		19D7D418278E8C6C0086197C /* Series */ = {
			isa = PBXNativeTarget;
			buildConfigurationList = 19D7D443278E8C6D0086197C /* Build configuration list for PBXNativeTarget "Series" */;
			buildPhases = (
				19D7D415278E8C6C0086197C /* Sources */,
				19D7D416278E8C6C0086197C /* Frameworks */,
				19D7D417278E8C6C0086197C /* Resources */,
			);
			buildRules = (
			);
			dependencies = (
			);
			name = Series;
			productName = Series;
			productReference = 19D7D419278E8C6C0086197C /* Series.app */;
			productType = "com.apple.product-type.application";
		};
		19D7D42E278E8C6D0086197C /* SeriesTests */ = {
			isa = PBXNativeTarget;
			buildConfigurationList = 19D7D446278E8C6D0086197C /* Build configuration list for PBXNativeTarget "SeriesTests" */;
			buildPhases = (
				19D7D42B278E8C6D0086197C /* Sources */,
				19D7D42C278E8C6D0086197C /* Frameworks */,
				19D7D42D278E8C6D0086197C /* Resources */,
			);
			buildRules = (
			);
			dependencies = (
				19D7D431278E8C6D0086197C /* PBXTargetDependency */,
			);
			name = SeriesTests;
			productName = SeriesTests;
			productReference = 19D7D42F278E8C6D0086197C /* SeriesTests.xctest */;
			productType = "com.apple.product-type.bundle.unit-test";
		};
		19D7D439278E8C6D0086197C /* SeriesUITests */ = {
			isa = PBXNativeTarget;
			buildConfigurationList = 19D7D449278E8C6D0086197C /* Build configuration list for PBXNativeTarget "SeriesUITests" */;
			buildPhases = (
				19D7D436278E8C6D0086197C /* Sources */,
				19D7D437278E8C6D0086197C /* Frameworks */,
				19D7D438278E8C6D0086197C /* Resources */,
			);
			buildRules = (
			);
			dependencies = (
				19D7D43C278E8C6D0086197C /* PBXTargetDependency */,
			);
			name = SeriesUITests;
			productName = SeriesUITests;
			productReference = 19D7D43A278E8C6D0086197C /* SeriesUITests.xctest */;
			productType = "com.apple.product-type.bundle.ui-testing";
		};
		19D7D460278E97F60086197C /* Series-Test */ = {
			isa = PBXNativeTarget;
			buildConfigurationList = 19D7D469278E97F60086197C /* Build configuration list for PBXNativeTarget "Series-Test" */;
			buildPhases = (
				19D7D461278E97F60086197C /* Sources */,
				19D7D465278E97F60086197C /* Frameworks */,
				19D7D466278E97F60086197C /* Resources */,
			);
			buildRules = (
			);
			dependencies = (
			);
			name = "Series-Test";
			productName = Series;
			productReference = 19D7D46C278E97F60086197C /* Series-Test.app */;
			productType = "com.apple.product-type.application";
		};
/* End PBXNativeTarget section */

/* Begin PBXProject section */
		19D7D411278E8C6C0086197C /* Project object */ = {
			isa = PBXProject;
			attributes = {
				LastSwiftUpdateCheck = 1250;
				LastUpgradeCheck = 1250;
				TargetAttributes = {
					19D7D418278E8C6C0086197C = {
						CreatedOnToolsVersion = 12.5.1;
					};
					19D7D42E278E8C6D0086197C = {
						CreatedOnToolsVersion = 12.5.1;
						TestTargetID = 19D7D418278E8C6C0086197C;
					};
					19D7D439278E8C6D0086197C = {
						CreatedOnToolsVersion = 12.5.1;
						TestTargetID = 19D7D418278E8C6C0086197C;
					};
				};
			};
			buildConfigurationList = 19D7D414278E8C6C0086197C /* Build configuration list for PBXProject "Series" */;
			compatibilityVersion = "Xcode 9.3";
			developmentRegion = en;
			hasScannedForEncodings = 0;
			knownRegions = (
				en,
				Base,
				"es-419",
			);
			mainGroup = 19D7D410278E8C6C0086197C;
			productRefGroup = 19D7D41A278E8C6C0086197C /* Products */;
			projectDirPath = "";
			projectRoot = "";
			targets = (
				19D7D418278E8C6C0086197C /* Series */,
				19D7D460278E97F60086197C /* Series-Test */,
				19D7D42E278E8C6D0086197C /* SeriesTests */,
				19D7D439278E8C6D0086197C /* SeriesUITests */,
			);
		};
/* End PBXProject section */

/* Begin PBXResourcesBuildPhase section */
		19D7D417278E8C6C0086197C /* Resources */ = {
			isa = PBXResourcesBuildPhase;
			buildActionMask = 2147483647;
			files = (
				19D7D429278E8C6D0086197C /* LaunchScreen.storyboard in Resources */,
				19D7D482278E9F890086197C /* Localizable.strings in Resources */,
				19D7D426278E8C6D0086197C /* Assets.xcassets in Resources */,
			);
			runOnlyForDeploymentPostprocessing = 0;
		};
		19D7D42D278E8C6D0086197C /* Resources */ = {
			isa = PBXResourcesBuildPhase;
			buildActionMask = 2147483647;
			files = (
			);
			runOnlyForDeploymentPostprocessing = 0;
		};
		19D7D438278E8C6D0086197C /* Resources */ = {
			isa = PBXResourcesBuildPhase;
			buildActionMask = 2147483647;
			files = (
			);
			runOnlyForDeploymentPostprocessing = 0;
		};
		19D7D466278E97F60086197C /* Resources */ = {
			isa = PBXResourcesBuildPhase;
			buildActionMask = 2147483647;
			files = (
				19D7D467278E97F60086197C /* LaunchScreen.storyboard in Resources */,
				19D7D483278E9F890086197C /* Localizable.strings in Resources */,
				19D7D468278E97F60086197C /* Assets.xcassets in Resources */,
			);
			runOnlyForDeploymentPostprocessing = 0;
		};
/* End PBXResourcesBuildPhase section */

/* Begin PBXSourcesBuildPhase section */
		19D7D415278E8C6C0086197C /* Sources */ = {
			isa = PBXSourcesBuildPhase;
			buildActionMask = 2147483647;
			files = (
				19D7D6F3279161040086197C /* SEShowDetailConfigurator.swift in Sources */,
				19D7D6F0279160FB0086197C /* SEShowDetailRouter.swift in Sources */,
				19D7D5A4278F560E0086197C /* SEShowRepositoryProtocol.swift in Sources */,
				19D7D471278E9A6C0086197C /* WebServicesManager.swift in Sources */,
				19D7D421278E8C6C0086197C /* SEHomeViewController.swift in Sources */,
				19D7D477278E9AD10086197C /* SEError.swift in Sources */,
				19D7D5AA27905FC30086197C /* SEShowRepository.swift in Sources */,
				19D7D6E227915AEB0086197C /* SEShowDetailModelData.swift in Sources */,
				1999A7252791F38B009E5DDA /* SEInfoView.swift in Sources */,
				1999A7492792A3C6009E5DDA /* SEPeopleViewController.swift in Sources */,
				19D7D5B3279097360086197C /* SEHomeConfigurator.swift in Sources */,
				19D7D6DE279158780086197C /* SEShowDetailModel.swift in Sources */,
				1999A73827928B07009E5DDA /* SEEpisodeDetailViewController.swift in Sources */,
				19D7D47D278E9BAC0086197C /* SEKeys.swift in Sources */,
				19D7D59C278F4F3A0086197C /* SEShowUseCase.swift in Sources */,
				1999A72A279224AA009E5DDA /* SESeasonCollectionViewCell.swift in Sources */,
				19D7D474278E9A970086197C /* NetworkManager.swift in Sources */,
				19D7D47A278E9B290086197C /* NetworkConfiguration.swift in Sources */,
				19D7D5B82790A3F90086197C /* SEShowCollectionViewCell.swift in Sources */,
				19D7D6D22790DAEE0086197C /* SEShowCellConfigurator.swift in Sources */,
				19D7D6EA279160E90086197C /* SEShowDetailViewController.swift in Sources */,
				19D7D5AD279097210086197C /* SEHomePresenter.swift in Sources */,
				19D7D6C82790D7BE0086197C /* SEPosterRepositoryProtocol.swift in Sources */,
				19D7D5B02790972C0086197C /* SEHomeRouter.swift in Sources */,
				19D7D5A0278F50E80086197C /* SEShowModelData.swift in Sources */,
				19D7D591278F45FA0086197C /* SENavigationViewController.swift in Sources */,
				1999A73B27928B0F009E5DDA /* SEEpisodeDetailPresenter.swift in Sources */,
				19D7D594278F47B40086197C /* SEStylesApp.swift in Sources */,
				1999A7322792420F009E5DDA /* SESeasonsHeaderCollectionReusableView.swift in Sources */,
				19D7D41D278E8C6C0086197C /* AppDelegate.swift in Sources */,
				19D7D6ED279160F30086197C /* SEShowDetailPresenter.swift in Sources */,
				1999A74527929EFF009E5DDA /* SETabBarViewController.swift in Sources */,
				19D7D6CC2790D9310086197C /* SEPosterRepository.swift in Sources */,
				19D7D6E627915D9E0086197C /* SEShowDetailRepository.swift in Sources */,
				1999A73E27928B19009E5DDA /* SEEpisodeDetailRouter.swift in Sources */,
				1999A74127928B26009E5DDA /* SEEpisodeDetailConfigurator.swift in Sources */,
				19D7D41F278E8C6C0086197C /* SceneDelegate.swift in Sources */,
				19D7D6C42790D63A0086197C /* SEPosterUseCase.swift in Sources */,
				19D7D599278F4E620086197C /* SEShowModel.swift in Sources */,
				19D7D6DA27914C5D0086197C /* SEShowDetailRepositoryProtocol.swift in Sources */,
				19D7D6D627914C460086197C /* SEShowDetailUseCase.swift in Sources */,
				19D7D6CF2790DAC60086197C /* SEShowCellPresenter.swift in Sources */,
			);
			runOnlyForDeploymentPostprocessing = 0;
		};
		19D7D42B278E8C6D0086197C /* Sources */ = {
			isa = PBXSourcesBuildPhase;
			buildActionMask = 2147483647;
			files = (
				1999A73527925243009E5DDA /* SEDetailTests.swift in Sources */,
				19D7D434278E8C6D0086197C /* SeriesTests.swift in Sources */,
			);
			runOnlyForDeploymentPostprocessing = 0;
		};
		19D7D436278E8C6D0086197C /* Sources */ = {
			isa = PBXSourcesBuildPhase;
			buildActionMask = 2147483647;
			files = (
				19D7D43F278E8C6D0086197C /* SeriesUITests.swift in Sources */,
			);
			runOnlyForDeploymentPostprocessing = 0;
		};
		19D7D461278E97F60086197C /* Sources */ = {
			isa = PBXSourcesBuildPhase;
			buildActionMask = 2147483647;
			files = (
				19D7D6F4279161040086197C /* SEShowDetailConfigurator.swift in Sources */,
				19D7D6F1279160FB0086197C /* SEShowDetailRouter.swift in Sources */,
				19D7D5A5278F560E0086197C /* SEShowRepositoryProtocol.swift in Sources */,
				19D7D472278E9A6C0086197C /* WebServicesManager.swift in Sources */,
				19D7D462278E97F60086197C /* SEHomeViewController.swift in Sources */,
				19D7D478278E9AD10086197C /* SEError.swift in Sources */,
				19D7D5AB27905FC30086197C /* SEShowRepository.swift in Sources */,
				19D7D6E327915AEB0086197C /* SEShowDetailModelData.swift in Sources */,
				1999A7262791F38B009E5DDA /* SEInfoView.swift in Sources */,
				1999A74A2792A3C6009E5DDA /* SEPeopleViewController.swift in Sources */,
				19D7D5B4279097360086197C /* SEHomeConfigurator.swift in Sources */,
				19D7D6DF279158780086197C /* SEShowDetailModel.swift in Sources */,
				1999A73927928B07009E5DDA /* SEEpisodeDetailViewController.swift in Sources */,
				19D7D47E278E9BAC0086197C /* SEKeys.swift in Sources */,
				19D7D59D278F4F3A0086197C /* SEShowUseCase.swift in Sources */,
				1999A72B279224AA009E5DDA /* SESeasonCollectionViewCell.swift in Sources */,
				19D7D475278E9A970086197C /* NetworkManager.swift in Sources */,
				19D7D47B278E9B290086197C /* NetworkConfiguration.swift in Sources */,
				19D7D5B92790A3F90086197C /* SEShowCollectionViewCell.swift in Sources */,
				19D7D6D32790DAEE0086197C /* SEShowCellConfigurator.swift in Sources */,
				19D7D6EB279160E90086197C /* SEShowDetailViewController.swift in Sources */,
				19D7D5AE279097210086197C /* SEHomePresenter.swift in Sources */,
				19D7D6C92790D7BE0086197C /* SEPosterRepositoryProtocol.swift in Sources */,
				19D7D5B12790972C0086197C /* SEHomeRouter.swift in Sources */,
				19D7D5A1278F50E80086197C /* SEShowModelData.swift in Sources */,
				19D7D592278F45FA0086197C /* SENavigationViewController.swift in Sources */,
				1999A73C27928B0F009E5DDA /* SEEpisodeDetailPresenter.swift in Sources */,
				19D7D595278F47B40086197C /* SEStylesApp.swift in Sources */,
				1999A7332792420F009E5DDA /* SESeasonsHeaderCollectionReusableView.swift in Sources */,
				19D7D463278E97F60086197C /* AppDelegate.swift in Sources */,
				19D7D6EE279160F30086197C /* SEShowDetailPresenter.swift in Sources */,
				1999A74627929EFF009E5DDA /* SETabBarViewController.swift in Sources */,
				19D7D6CD2790D9310086197C /* SEPosterRepository.swift in Sources */,
				19D7D6E727915D9E0086197C /* SEShowDetailRepository.swift in Sources */,
				1999A73F27928B19009E5DDA /* SEEpisodeDetailRouter.swift in Sources */,
				1999A74227928B26009E5DDA /* SEEpisodeDetailConfigurator.swift in Sources */,
				19D7D464278E97F60086197C /* SceneDelegate.swift in Sources */,
				19D7D6C52790D63A0086197C /* SEPosterUseCase.swift in Sources */,
				19D7D59A278F4E620086197C /* SEShowModel.swift in Sources */,
				19D7D6DB27914C5D0086197C /* SEShowDetailRepositoryProtocol.swift in Sources */,
				19D7D6D727914C460086197C /* SEShowDetailUseCase.swift in Sources */,
				19D7D6D02790DAC60086197C /* SEShowCellPresenter.swift in Sources */,
			);
			runOnlyForDeploymentPostprocessing = 0;
		};
/* End PBXSourcesBuildPhase section */

/* Begin PBXTargetDependency section */
		19D7D431278E8C6D0086197C /* PBXTargetDependency */ = {
			isa = PBXTargetDependency;
			target = 19D7D418278E8C6C0086197C /* Series */;
			targetProxy = 19D7D430278E8C6D0086197C /* PBXContainerItemProxy */;
		};
		19D7D43C278E8C6D0086197C /* PBXTargetDependency */ = {
			isa = PBXTargetDependency;
			target = 19D7D418278E8C6C0086197C /* Series */;
			targetProxy = 19D7D43B278E8C6D0086197C /* PBXContainerItemProxy */;
		};
/* End PBXTargetDependency section */

/* Begin PBXVariantGroup section */
		19D7D427278E8C6D0086197C /* LaunchScreen.storyboard */ = {
			isa = PBXVariantGroup;
			children = (
				19D7D428278E8C6D0086197C /* Base */,
			);
			name = LaunchScreen.storyboard;
			sourceTree = "<group>";
		};
		19D7D485278E9F890086197C /* Localizable.strings */ = {
			isa = PBXVariantGroup;
			children = (
				19D7D484278E9F890086197C /* en */,
				19D7D486278EA0430086197C /* es-419 */,
			);
			name = Localizable.strings;
			sourceTree = "<group>";
		};
/* End PBXVariantGroup section */

/* Begin XCBuildConfiguration section */
		19D7D441278E8C6D0086197C /* Debug */ = {
			isa = XCBuildConfiguration;
			buildSettings = {
				ALWAYS_SEARCH_USER_PATHS = NO;
				CLANG_ANALYZER_LOCALIZABILITY_NONLOCALIZED = YES;
				CLANG_ANALYZER_NONNULL = YES;
				CLANG_ANALYZER_NUMBER_OBJECT_CONVERSION = YES_AGGRESSIVE;
				CLANG_CXX_LANGUAGE_STANDARD = "gnu++14";
				CLANG_CXX_LIBRARY = "libc++";
				CLANG_ENABLE_MODULES = YES;
				CLANG_ENABLE_OBJC_ARC = YES;
				CLANG_ENABLE_OBJC_WEAK = YES;
				CLANG_WARN_BLOCK_CAPTURE_AUTORELEASING = YES;
				CLANG_WARN_BOOL_CONVERSION = YES;
				CLANG_WARN_COMMA = YES;
				CLANG_WARN_CONSTANT_CONVERSION = YES;
				CLANG_WARN_DEPRECATED_OBJC_IMPLEMENTATIONS = YES;
				CLANG_WARN_DIRECT_OBJC_ISA_USAGE = YES_ERROR;
				CLANG_WARN_DOCUMENTATION_COMMENTS = YES;
				CLANG_WARN_EMPTY_BODY = YES;
				CLANG_WARN_ENUM_CONVERSION = YES;
				CLANG_WARN_INFINITE_RECURSION = YES;
				CLANG_WARN_INT_CONVERSION = YES;
				CLANG_WARN_NON_LITERAL_NULL_CONVERSION = YES;
				CLANG_WARN_OBJC_IMPLICIT_RETAIN_SELF = YES;
				CLANG_WARN_OBJC_LITERAL_CONVERSION = YES;
				CLANG_WARN_OBJC_ROOT_CLASS = YES_ERROR;
				CLANG_WARN_QUOTED_INCLUDE_IN_FRAMEWORK_HEADER = YES;
				CLANG_WARN_RANGE_LOOP_ANALYSIS = YES;
				CLANG_WARN_STRICT_PROTOTYPES = YES;
				CLANG_WARN_SUSPICIOUS_MOVE = YES;
				CLANG_WARN_UNGUARDED_AVAILABILITY = YES_AGGRESSIVE;
				CLANG_WARN_UNREACHABLE_CODE = YES;
				CLANG_WARN__DUPLICATE_METHOD_MATCH = YES;
				COPY_PHASE_STRIP = NO;
				DEBUG_INFORMATION_FORMAT = dwarf;
				ENABLE_STRICT_OBJC_MSGSEND = YES;
				ENABLE_TESTABILITY = YES;
				GCC_C_LANGUAGE_STANDARD = gnu11;
				GCC_DYNAMIC_NO_PIC = NO;
				GCC_NO_COMMON_BLOCKS = YES;
				GCC_OPTIMIZATION_LEVEL = 0;
				GCC_PREPROCESSOR_DEFINITIONS = (
					"DEBUG=1",
					"$(inherited)",
				);
				GCC_WARN_64_TO_32_BIT_CONVERSION = YES;
				GCC_WARN_ABOUT_RETURN_TYPE = YES_ERROR;
				GCC_WARN_UNDECLARED_SELECTOR = YES;
				GCC_WARN_UNINITIALIZED_AUTOS = YES_AGGRESSIVE;
				GCC_WARN_UNUSED_FUNCTION = YES;
				GCC_WARN_UNUSED_VARIABLE = YES;
				IPHONEOS_DEPLOYMENT_TARGET = 14.5;
				MTL_ENABLE_DEBUG_INFO = INCLUDE_SOURCE;
				MTL_FAST_MATH = YES;
				ONLY_ACTIVE_ARCH = YES;
				SDKROOT = iphoneos;
				SWIFT_ACTIVE_COMPILATION_CONDITIONS = DEBUG;
				SWIFT_OPTIMIZATION_LEVEL = "-Onone";
			};
			name = Debug;
		};
		19D7D442278E8C6D0086197C /* Release */ = {
			isa = XCBuildConfiguration;
			buildSettings = {
				ALWAYS_SEARCH_USER_PATHS = NO;
				CLANG_ANALYZER_LOCALIZABILITY_NONLOCALIZED = YES;
				CLANG_ANALYZER_NONNULL = YES;
				CLANG_ANALYZER_NUMBER_OBJECT_CONVERSION = YES_AGGRESSIVE;
				CLANG_CXX_LANGUAGE_STANDARD = "gnu++14";
				CLANG_CXX_LIBRARY = "libc++";
				CLANG_ENABLE_MODULES = YES;
				CLANG_ENABLE_OBJC_ARC = YES;
				CLANG_ENABLE_OBJC_WEAK = YES;
				CLANG_WARN_BLOCK_CAPTURE_AUTORELEASING = YES;
				CLANG_WARN_BOOL_CONVERSION = YES;
				CLANG_WARN_COMMA = YES;
				CLANG_WARN_CONSTANT_CONVERSION = YES;
				CLANG_WARN_DEPRECATED_OBJC_IMPLEMENTATIONS = YES;
				CLANG_WARN_DIRECT_OBJC_ISA_USAGE = YES_ERROR;
				CLANG_WARN_DOCUMENTATION_COMMENTS = YES;
				CLANG_WARN_EMPTY_BODY = YES;
				CLANG_WARN_ENUM_CONVERSION = YES;
				CLANG_WARN_INFINITE_RECURSION = YES;
				CLANG_WARN_INT_CONVERSION = YES;
				CLANG_WARN_NON_LITERAL_NULL_CONVERSION = YES;
				CLANG_WARN_OBJC_IMPLICIT_RETAIN_SELF = YES;
				CLANG_WARN_OBJC_LITERAL_CONVERSION = YES;
				CLANG_WARN_OBJC_ROOT_CLASS = YES_ERROR;
				CLANG_WARN_QUOTED_INCLUDE_IN_FRAMEWORK_HEADER = YES;
				CLANG_WARN_RANGE_LOOP_ANALYSIS = YES;
				CLANG_WARN_STRICT_PROTOTYPES = YES;
				CLANG_WARN_SUSPICIOUS_MOVE = YES;
				CLANG_WARN_UNGUARDED_AVAILABILITY = YES_AGGRESSIVE;
				CLANG_WARN_UNREACHABLE_CODE = YES;
				CLANG_WARN__DUPLICATE_METHOD_MATCH = YES;
				COPY_PHASE_STRIP = NO;
				DEBUG_INFORMATION_FORMAT = "dwarf-with-dsym";
				ENABLE_NS_ASSERTIONS = NO;
				ENABLE_STRICT_OBJC_MSGSEND = YES;
				GCC_C_LANGUAGE_STANDARD = gnu11;
				GCC_NO_COMMON_BLOCKS = YES;
				GCC_WARN_64_TO_32_BIT_CONVERSION = YES;
				GCC_WARN_ABOUT_RETURN_TYPE = YES_ERROR;
				GCC_WARN_UNDECLARED_SELECTOR = YES;
				GCC_WARN_UNINITIALIZED_AUTOS = YES_AGGRESSIVE;
				GCC_WARN_UNUSED_FUNCTION = YES;
				GCC_WARN_UNUSED_VARIABLE = YES;
				IPHONEOS_DEPLOYMENT_TARGET = 14.5;
				MTL_ENABLE_DEBUG_INFO = NO;
				MTL_FAST_MATH = YES;
				SDKROOT = iphoneos;
				SWIFT_COMPILATION_MODE = wholemodule;
				SWIFT_OPTIMIZATION_LEVEL = "-O";
				VALIDATE_PRODUCT = YES;
			};
			name = Release;
		};
		19D7D444278E8C6D0086197C /* Debug */ = {
			isa = XCBuildConfiguration;
			buildSettings = {
				ASSETCATALOG_COMPILER_APPICON_NAME = AppIcon;
				ASSETCATALOG_COMPILER_GLOBAL_ACCENT_COLOR_NAME = AccentColor;
				CODE_SIGN_STYLE = Automatic;
				DEVELOPMENT_TEAM = 82N3G65FCS;
				INFOPLIST_FILE = "${SRCROOT}/Series/Supporting Files/Info.plist";
				LD_RUNPATH_SEARCH_PATHS = (
					"$(inherited)",
					"@executable_path/Frameworks",
				);
				PRODUCT_BUNDLE_IDENTIFIER = com.jobsity.Series;
				PRODUCT_ENVIRONMENT = Production;
				PRODUCT_NAME = "$(TARGET_NAME)";
				SWIFT_OPTIMIZATION_LEVEL = "-O";
				SWIFT_VERSION = 5.0;
				TARGETED_DEVICE_FAMILY = "1,2";
			};
			name = Debug;
		};
		19D7D445278E8C6D0086197C /* Release */ = {
			isa = XCBuildConfiguration;
			buildSettings = {
				ASSETCATALOG_COMPILER_APPICON_NAME = AppIcon;
				ASSETCATALOG_COMPILER_GLOBAL_ACCENT_COLOR_NAME = AccentColor;
				CODE_SIGN_STYLE = Automatic;
				DEVELOPMENT_TEAM = 82N3G65FCS;
				INFOPLIST_FILE = "${SRCROOT}/Series/Supporting Files/Info.plist";
				LD_RUNPATH_SEARCH_PATHS = (
					"$(inherited)",
					"@executable_path/Frameworks",
				);
				PRODUCT_BUNDLE_IDENTIFIER = com.jobsity.Series;
				PRODUCT_ENVIRONMENT = Production;
				PRODUCT_NAME = "$(TARGET_NAME)";
				SWIFT_VERSION = 5.0;
				TARGETED_DEVICE_FAMILY = "1,2";
			};
			name = Release;
		};
		19D7D447278E8C6D0086197C /* Debug */ = {
			isa = XCBuildConfiguration;
			buildSettings = {
				ALWAYS_EMBED_SWIFT_STANDARD_LIBRARIES = YES;
				BUNDLE_LOADER = "$(TEST_HOST)";
				CODE_SIGN_STYLE = Automatic;
				DEVELOPMENT_TEAM = 82N3G65FCS;
				GCC_OPTIMIZATION_LEVEL = s;
				INFOPLIST_FILE = SeriesTests/Info.plist;
				IPHONEOS_DEPLOYMENT_TARGET = 14.5;
				LD_RUNPATH_SEARCH_PATHS = (
					"$(inherited)",
					"@executable_path/Frameworks",
					"@loader_path/Frameworks",
				);
				PRODUCT_BUNDLE_IDENTIFIER = com.jobsity.SeriesTests;
				PRODUCT_NAME = "$(TARGET_NAME)";
				SWIFT_VERSION = 5.0;
				TARGETED_DEVICE_FAMILY = "1,2";
				TEST_HOST = "$(BUILT_PRODUCTS_DIR)/Series.app/Series";
			};
			name = Debug;
		};
		19D7D448278E8C6D0086197C /* Release */ = {
			isa = XCBuildConfiguration;
			buildSettings = {
				ALWAYS_EMBED_SWIFT_STANDARD_LIBRARIES = YES;
				BUNDLE_LOADER = "$(TEST_HOST)";
				CODE_SIGN_STYLE = Automatic;
				DEVELOPMENT_TEAM = 82N3G65FCS;
				INFOPLIST_FILE = SeriesTests/Info.plist;
				IPHONEOS_DEPLOYMENT_TARGET = 14.5;
				LD_RUNPATH_SEARCH_PATHS = (
					"$(inherited)",
					"@executable_path/Frameworks",
					"@loader_path/Frameworks",
				);
				PRODUCT_BUNDLE_IDENTIFIER = com.jobsity.SeriesTests;
				PRODUCT_NAME = "$(TARGET_NAME)";
				SWIFT_VERSION = 5.0;
				TARGETED_DEVICE_FAMILY = "1,2";
				TEST_HOST = "$(BUILT_PRODUCTS_DIR)/Series.app/Series";
			};
			name = Release;
		};
		19D7D44A278E8C6D0086197C /* Debug */ = {
			isa = XCBuildConfiguration;
			buildSettings = {
				ALWAYS_EMBED_SWIFT_STANDARD_LIBRARIES = YES;
				CODE_SIGN_STYLE = Automatic;
				DEVELOPMENT_TEAM = 82N3G65FCS;
				INFOPLIST_FILE = SeriesUITests/Info.plist;
				LD_RUNPATH_SEARCH_PATHS = (
					"$(inherited)",
					"@executable_path/Frameworks",
					"@loader_path/Frameworks",
				);
				PRODUCT_BUNDLE_IDENTIFIER = com.jobsity.SeriesUITests;
				PRODUCT_NAME = "$(TARGET_NAME)";
				SWIFT_VERSION = 5.0;
				TARGETED_DEVICE_FAMILY = "1,2";
				TEST_TARGET_NAME = Series;
			};
			name = Debug;
		};
		19D7D44B278E8C6D0086197C /* Release */ = {
			isa = XCBuildConfiguration;
			buildSettings = {
				ALWAYS_EMBED_SWIFT_STANDARD_LIBRARIES = YES;
				CODE_SIGN_STYLE = Automatic;
				DEVELOPMENT_TEAM = 82N3G65FCS;
				INFOPLIST_FILE = SeriesUITests/Info.plist;
				LD_RUNPATH_SEARCH_PATHS = (
					"$(inherited)",
					"@executable_path/Frameworks",
					"@loader_path/Frameworks",
				);
				PRODUCT_BUNDLE_IDENTIFIER = com.jobsity.SeriesUITests;
				PRODUCT_NAME = "$(TARGET_NAME)";
				SWIFT_VERSION = 5.0;
				TARGETED_DEVICE_FAMILY = "1,2";
				TEST_TARGET_NAME = Series;
			};
			name = Release;
		};
		19D7D46A278E97F60086197C /* Debug */ = {
			isa = XCBuildConfiguration;
			buildSettings = {
				ASSETCATALOG_COMPILER_APPICON_NAME = AppIcon;
				ASSETCATALOG_COMPILER_GLOBAL_ACCENT_COLOR_NAME = AccentColor;
				CODE_SIGN_STYLE = Automatic;
				DEVELOPMENT_TEAM = 82N3G65FCS;
				INFOPLIST_FILE = "${SRCROOT}/Series/Supporting Files/Info_Test.plist";
				LD_RUNPATH_SEARCH_PATHS = (
					"$(inherited)",
					"@executable_path/Frameworks",
				);
				PRODUCT_BUNDLE_IDENTIFIER = com.jobsityUAT.Series;
				PRODUCT_ENVIRONMENT = Development;
				PRODUCT_NAME = "$(TARGET_NAME)";
				SWIFT_VERSION = 5.0;
				TARGETED_DEVICE_FAMILY = "1,2";
			};
			name = Debug;
		};
		19D7D46B278E97F60086197C /* Release */ = {
			isa = XCBuildConfiguration;
			buildSettings = {
				ASSETCATALOG_COMPILER_APPICON_NAME = AppIcon;
				ASSETCATALOG_COMPILER_GLOBAL_ACCENT_COLOR_NAME = AccentColor;
				CODE_SIGN_STYLE = Automatic;
				DEVELOPMENT_TEAM = 82N3G65FCS;
				INFOPLIST_FILE = "${SRCROOT}/Series/Supporting Files/Info_Test.plist";
				LD_RUNPATH_SEARCH_PATHS = (
					"$(inherited)",
					"@executable_path/Frameworks",
				);
				PRODUCT_BUNDLE_IDENTIFIER = com.jobsityUAT.Series;
				PRODUCT_ENVIRONMENT = Development;
				PRODUCT_NAME = "$(TARGET_NAME)";
				SWIFT_VERSION = 5.0;
				TARGETED_DEVICE_FAMILY = "1,2";
			};
			name = Release;
		};
/* End XCBuildConfiguration section */

/* Begin XCConfigurationList section */
		19D7D414278E8C6C0086197C /* Build configuration list for PBXProject "Series" */ = {
			isa = XCConfigurationList;
			buildConfigurations = (
				19D7D441278E8C6D0086197C /* Debug */,
				19D7D442278E8C6D0086197C /* Release */,
			);
			defaultConfigurationIsVisible = 0;
			defaultConfigurationName = Release;
		};
		19D7D443278E8C6D0086197C /* Build configuration list for PBXNativeTarget "Series" */ = {
			isa = XCConfigurationList;
			buildConfigurations = (
				19D7D444278E8C6D0086197C /* Debug */,
				19D7D445278E8C6D0086197C /* Release */,
			);
			defaultConfigurationIsVisible = 0;
			defaultConfigurationName = Release;
		};
		19D7D446278E8C6D0086197C /* Build configuration list for PBXNativeTarget "SeriesTests" */ = {
			isa = XCConfigurationList;
			buildConfigurations = (
				19D7D447278E8C6D0086197C /* Debug */,
				19D7D448278E8C6D0086197C /* Release */,
			);
			defaultConfigurationIsVisible = 0;
			defaultConfigurationName = Release;
		};
		19D7D449278E8C6D0086197C /* Build configuration list for PBXNativeTarget "SeriesUITests" */ = {
			isa = XCConfigurationList;
			buildConfigurations = (
				19D7D44A278E8C6D0086197C /* Debug */,
				19D7D44B278E8C6D0086197C /* Release */,
			);
			defaultConfigurationIsVisible = 0;
			defaultConfigurationName = Release;
		};
		19D7D469278E97F60086197C /* Build configuration list for PBXNativeTarget "Series-Test" */ = {
			isa = XCConfigurationList;
			buildConfigurations = (
				19D7D46A278E97F60086197C /* Debug */,
				19D7D46B278E97F60086197C /* Release */,
			);
			defaultConfigurationIsVisible = 0;
			defaultConfigurationName = Release;
		};
/* End XCConfigurationList section */
	};
	rootObject = 19D7D411278E8C6C0086197C /* Project object */;
}
