// !$*UTF8*$!
{
	archiveVersion = 1;
	classes = {
	};
	objectVersion = 50;
	objects = {

/* Begin PBXBuildFile section */
		19D7D41D278E8C6C0086197C /* AppDelegate.swift in Sources */ = {isa = PBXBuildFile; fileRef = 19D7D41C278E8C6C0086197C /* AppDelegate.swift */; };
		19D7D41F278E8C6C0086197C /* SceneDelegate.swift in Sources */ = {isa = PBXBuildFile; fileRef = 19D7D41E278E8C6C0086197C /* SceneDelegate.swift */; };
		19D7D421278E8C6C0086197C /* SEHomeViewController.swift in Sources */ = {isa = PBXBuildFile; fileRef = 19D7D420278E8C6C0086197C /* SEHomeViewController.swift */; };
		19D7D426278E8C6D0086197C /* Assets.xcassets in Resources */ = {isa = PBXBuildFile; fileRef = 19D7D425278E8C6D0086197C /* Assets.xcassets */; };
		19D7D429278E8C6D0086197C /* LaunchScreen.storyboard in Resources */ = {isa = PBXBuildFile; fileRef = 19D7D427278E8C6D0086197C /* LaunchScreen.storyboard */; };
		19D7D434278E8C6D0086197C /* SeriesTests.swift in Sources */ = {isa = PBXBuildFile; fileRef = 19D7D433278E8C6D0086197C /* SeriesTests.swift */; };
		19D7D43F278E8C6D0086197C /* SeriesUITests.swift in Sources */ = {isa = PBXBuildFile; fileRef = 19D7D43E278E8C6D0086197C /* SeriesUITests.swift */; };
		19D7D462278E97F60086197C /* SEHomeViewController.swift in Sources */ = {isa = PBXBuildFile; fileRef = 19D7D420278E8C6C0086197C /* SEHomeViewController.swift */; };
		19D7D463278E97F60086197C /* AppDelegate.swift in Sources */ = {isa = PBXBuildFile; fileRef = 19D7D41C278E8C6C0086197C /* AppDelegate.swift */; };
		19D7D464278E97F60086197C /* SceneDelegate.swift in Sources */ = {isa = PBXBuildFile; fileRef = 19D7D41E278E8C6C0086197C /* SceneDelegate.swift */; };
		19D7D467278E97F60086197C /* LaunchScreen.storyboard in Resources */ = {isa = PBXBuildFile; fileRef = 19D7D427278E8C6D0086197C /* LaunchScreen.storyboard */; };
		19D7D468278E97F60086197C /* Assets.xcassets in Resources */ = {isa = PBXBuildFile; fileRef = 19D7D425278E8C6D0086197C /* Assets.xcassets */; };
		19D7D471278E9A6C0086197C /* WebServicesManager.swift in Sources */ = {isa = PBXBuildFile; fileRef = 19D7D470278E9A6C0086197C /* WebServicesManager.swift */; };
		19D7D472278E9A6C0086197C /* WebServicesManager.swift in Sources */ = {isa = PBXBuildFile; fileRef = 19D7D470278E9A6C0086197C /* WebServicesManager.swift */; };
		19D7D474278E9A970086197C /* NetworkManager.swift in Sources */ = {isa = PBXBuildFile; fileRef = 19D7D473278E9A970086197C /* NetworkManager.swift */; };
		19D7D475278E9A970086197C /* NetworkManager.swift in Sources */ = {isa = PBXBuildFile; fileRef = 19D7D473278E9A970086197C /* NetworkManager.swift */; };
		19D7D477278E9AD10086197C /* SEError.swift in Sources */ = {isa = PBXBuildFile; fileRef = 19D7D476278E9AD10086197C /* SEError.swift */; };
		19D7D478278E9AD10086197C /* SEError.swift in Sources */ = {isa = PBXBuildFile; fileRef = 19D7D476278E9AD10086197C /* SEError.swift */; };
		19D7D47A278E9B290086197C /* NetworkConfiguration.swift in Sources */ = {isa = PBXBuildFile; fileRef = 19D7D479278E9B290086197C /* NetworkConfiguration.swift */; };
		19D7D47B278E9B290086197C /* NetworkConfiguration.swift in Sources */ = {isa = PBXBuildFile; fileRef = 19D7D479278E9B290086197C /* NetworkConfiguration.swift */; };
		19D7D47D278E9BAC0086197C /* SEKeys.swift in Sources */ = {isa = PBXBuildFile; fileRef = 19D7D47C278E9BAC0086197C /* SEKeys.swift */; };
		19D7D47E278E9BAC0086197C /* SEKeys.swift in Sources */ = {isa = PBXBuildFile; fileRef = 19D7D47C278E9BAC0086197C /* SEKeys.swift */; };
		19D7D482278E9F890086197C /* Localizable.strings in Resources */ = {isa = PBXBuildFile; fileRef = 19D7D485278E9F890086197C /* Localizable.strings */; };
		19D7D483278E9F890086197C /* Localizable.strings in Resources */ = {isa = PBXBuildFile; fileRef = 19D7D485278E9F890086197C /* Localizable.strings */; };
/* End PBXBuildFile section */

/* Begin PBXContainerItemProxy section */
		19D7D430278E8C6D0086197C /* PBXContainerItemProxy */ = {
			isa = PBXContainerItemProxy;
			containerPortal = 19D7D411278E8C6C0086197C /* Project object */;
			proxyType = 1;
			remoteGlobalIDString = 19D7D418278E8C6C0086197C;
			remoteInfo = Series;
		};
		19D7D43B278E8C6D0086197C /* PBXContainerItemProxy */ = {
			isa = PBXContainerItemProxy;
			containerPortal = 19D7D411278E8C6C0086197C /* Project object */;
			proxyType = 1;
			remoteGlobalIDString = 19D7D418278E8C6C0086197C;
			remoteInfo = Series;
		};
/* End PBXContainerItemProxy section */

/* Begin PBXFileReference section */
		19D7D419278E8C6C0086197C /* Series.app */ = {isa = PBXFileReference; explicitFileType = wrapper.application; includeInIndex = 0; path = Series.app; sourceTree = BUILT_PRODUCTS_DIR; };
		19D7D41C278E8C6C0086197C /* AppDelegate.swift */ = {isa = PBXFileReference; lastKnownFileType = sourcecode.swift; path = AppDelegate.swift; sourceTree = "<group>"; };
		19D7D41E278E8C6C0086197C /* SceneDelegate.swift */ = {isa = PBXFileReference; lastKnownFileType = sourcecode.swift; path = SceneDelegate.swift; sourceTree = "<group>"; };
		19D7D420278E8C6C0086197C /* SEHomeViewController.swift */ = {isa = PBXFileReference; lastKnownFileType = sourcecode.swift; path = SEHomeViewController.swift; sourceTree = "<group>"; };
		19D7D425278E8C6D0086197C /* Assets.xcassets */ = {isa = PBXFileReference; lastKnownFileType = folder.assetcatalog; path = Assets.xcassets; sourceTree = "<group>"; };
		19D7D428278E8C6D0086197C /* Base */ = {isa = PBXFileReference; lastKnownFileType = file.storyboard; name = Base; path = Base.lproj/LaunchScreen.storyboard; sourceTree = "<group>"; };
		19D7D42A278E8C6D0086197C /* Info.plist */ = {isa = PBXFileReference; lastKnownFileType = text.plist.xml; path = Info.plist; sourceTree = "<group>"; };
		19D7D42F278E8C6D0086197C /* SeriesTests.xctest */ = {isa = PBXFileReference; explicitFileType = wrapper.cfbundle; includeInIndex = 0; path = SeriesTests.xctest; sourceTree = BUILT_PRODUCTS_DIR; };
		19D7D433278E8C6D0086197C /* SeriesTests.swift */ = {isa = PBXFileReference; lastKnownFileType = sourcecode.swift; path = SeriesTests.swift; sourceTree = "<group>"; };
		19D7D435278E8C6D0086197C /* Info.plist */ = {isa = PBXFileReference; lastKnownFileType = text.plist.xml; path = Info.plist; sourceTree = "<group>"; };
		19D7D43A278E8C6D0086197C /* SeriesUITests.xctest */ = {isa = PBXFileReference; explicitFileType = wrapper.cfbundle; includeInIndex = 0; path = SeriesUITests.xctest; sourceTree = BUILT_PRODUCTS_DIR; };
		19D7D43E278E8C6D0086197C /* SeriesUITests.swift */ = {isa = PBXFileReference; lastKnownFileType = sourcecode.swift; path = SeriesUITests.swift; sourceTree = "<group>"; };
		19D7D440278E8C6D0086197C /* Info.plist */ = {isa = PBXFileReference; lastKnownFileType = text.plist.xml; path = Info.plist; sourceTree = "<group>"; };
		19D7D46C278E97F60086197C /* Series-Test.app */ = {isa = PBXFileReference; explicitFileType = wrapper.application; includeInIndex = 0; path = "Series-Test.app"; sourceTree = BUILT_PRODUCTS_DIR; };
		19D7D46E278E98580086197C /* Info_Test.plist */ = {isa = PBXFileReference; fileEncoding = 4; lastKnownFileType = text.plist.xml; path = Info_Test.plist; sourceTree = "<group>"; };
		19D7D470278E9A6C0086197C /* WebServicesManager.swift */ = {isa = PBXFileReference; lastKnownFileType = sourcecode.swift; path = WebServicesManager.swift; sourceTree = "<group>"; };
		19D7D473278E9A970086197C /* NetworkManager.swift */ = {isa = PBXFileReference; lastKnownFileType = sourcecode.swift; path = NetworkManager.swift; sourceTree = "<group>"; };
		19D7D476278E9AD10086197C /* SEError.swift */ = {isa = PBXFileReference; lastKnownFileType = sourcecode.swift; path = SEError.swift; sourceTree = "<group>"; };
		19D7D479278E9B290086197C /* NetworkConfiguration.swift */ = {isa = PBXFileReference; lastKnownFileType = sourcecode.swift; path = NetworkConfiguration.swift; sourceTree = "<group>"; };
		19D7D47C278E9BAC0086197C /* SEKeys.swift */ = {isa = PBXFileReference; lastKnownFileType = sourcecode.swift; path = SEKeys.swift; sourceTree = "<group>"; };
		19D7D484278E9F890086197C /* en */ = {isa = PBXFileReference; lastKnownFileType = text.plist.strings; name = en; path = en.lproj/Localizable.strings; sourceTree = "<group>"; };
		19D7D486278EA0430086197C /* es-419 */ = {isa = PBXFileReference; lastKnownFileType = text.plist.strings; name = "es-419"; path = "es-419.lproj/Localizable.strings"; sourceTree = "<group>"; };
/* End PBXFileReference section */

/* Begin PBXFrameworksBuildPhase section */
		19D7D416278E8C6C0086197C /* Frameworks */ = {
			isa = PBXFrameworksBuildPhase;
			buildActionMask = 2147483647;
			files = (
			);
			runOnlyForDeploymentPostprocessing = 0;
		};
		19D7D42C278E8C6D0086197C /* Frameworks */ = {
			isa = PBXFrameworksBuildPhase;
			buildActionMask = 2147483647;
			files = (
			);
			runOnlyForDeploymentPostprocessing = 0;
		};
		19D7D437278E8C6D0086197C /* Frameworks */ = {
			isa = PBXFrameworksBuildPhase;
			buildActionMask = 2147483647;
			files = (
			);
			runOnlyForDeploymentPostprocessing = 0;
		};
		19D7D465278E97F60086197C /* Frameworks */ = {
			isa = PBXFrameworksBuildPhase;
			buildActionMask = 2147483647;
			files = (
			);
			runOnlyForDeploymentPostprocessing = 0;
		};
/* End PBXFrameworksBuildPhase section */

/* Begin PBXGroup section */
		19D7D410278E8C6C0086197C = {
			isa = PBXGroup;
			children = (
				19D7D41B278E8C6C0086197C /* Series */,
				19D7D432278E8C6D0086197C /* SeriesTests */,
				19D7D43D278E8C6D0086197C /* SeriesUITests */,
				19D7D41A278E8C6C0086197C /* Products */,
			);
			sourceTree = "<group>";
		};
		19D7D41A278E8C6C0086197C /* Products */ = {
			isa = PBXGroup;
			children = (
				19D7D419278E8C6C0086197C /* Series.app */,
				19D7D42F278E8C6D0086197C /* SeriesTests.xctest */,
				19D7D43A278E8C6D0086197C /* SeriesUITests.xctest */,
				19D7D46C278E97F60086197C /* Series-Test.app */,
			);
			name = Products;
			sourceTree = "<group>";
		};
		19D7D41B278E8C6C0086197C /* Series */ = {
			isa = PBXGroup;
			children = (
				19D7D44E278E90CA0086197C /* Domain */,
				19D7D44D278E90C40086197C /* Data */,
				19D7D44C278E90BA0086197C /* Presentation */,
				19D7D44F278E90D50086197C /* Supporting Files */,
				19D7D450278E90E90086197C /* Resources */,
			);
			path = Series;
			sourceTree = "<group>";
		};
		19D7D432278E8C6D0086197C /* SeriesTests */ = {
			isa = PBXGroup;
			children = (
				19D7D433278E8C6D0086197C /* SeriesTests.swift */,
				19D7D435278E8C6D0086197C /* Info.plist */,
			);
			path = SeriesTests;
			sourceTree = "<group>";
		};
		19D7D43D278E8C6D0086197C /* SeriesUITests */ = {
			isa = PBXGroup;
			children = (
				19D7D43E278E8C6D0086197C /* SeriesUITests.swift */,
				19D7D440278E8C6D0086197C /* Info.plist */,
			);
			path = SeriesUITests;
			sourceTree = "<group>";
		};
		19D7D44C278E90BA0086197C /* Presentation */ = {
			isa = PBXGroup;
			children = (
				19D7D45A278E93090086197C /* View */,
				19D7D459278E92FA0086197C /* UI */,
				19D7D458278E92F40086197C /* Support */,
			);
			path = Presentation;
			sourceTree = "<group>";
		};
		19D7D44D278E90C40086197C /* Data */ = {
			isa = PBXGroup;
			children = (
				19D7D454278E92BF0086197C /* Util */,
				19D7D453278E92B70086197C /* DataSource */,
				19D7D452278E92B20086197C /* Model */,
				19D7D451278E92A70086197C /* Repository */,
			);
			path = Data;
			sourceTree = "<group>";
		};
		19D7D44E278E90CA0086197C /* Domain */ = {
			isa = PBXGroup;
			children = (
				19D7D457278E92D60086197C /* UseCase */,
				19D7D456278E92D20086197C /* Model */,
				19D7D455278E92CD0086197C /* Repository */,
			);
			path = Domain;
			sourceTree = "<group>";
		};
		19D7D44F278E90D50086197C /* Supporting Files */ = {
			isa = PBXGroup;
			children = (
				19D7D46E278E98580086197C /* Info_Test.plist */,
				19D7D42A278E8C6D0086197C /* Info.plist */,
				19D7D485278E9F890086197C /* Localizable.strings */,
			);
			path = "Supporting Files";
			sourceTree = "<group>";
		};
		19D7D450278E90E90086197C /* Resources */ = {
			isa = PBXGroup;
			children = (
				19D7D425278E8C6D0086197C /* Assets.xcassets */,
			);
			path = Resources;
			sourceTree = "<group>";
		};
		19D7D451278E92A70086197C /* Repository */ = {
			isa = PBXGroup;
			children = (
			);
			path = Repository;
			sourceTree = "<group>";
		};
		19D7D452278E92B20086197C /* Model */ = {
			isa = PBXGroup;
			children = (
			);
			path = Model;
			sourceTree = "<group>";
		};
		19D7D453278E92B70086197C /* DataSource */ = {
			isa = PBXGroup;
			children = (
				19D7D45F278E97930086197C /* Network */,
			);
			path = DataSource;
			sourceTree = "<group>";
		};
		19D7D454278E92BF0086197C /* Util */ = {
			isa = PBXGroup;
			children = (
				19D7D47C278E9BAC0086197C /* SEKeys.swift */,
			);
			path = Util;
			sourceTree = "<group>";
		};
		19D7D455278E92CD0086197C /* Repository */ = {
			isa = PBXGroup;
			children = (
			);
			path = Repository;
			sourceTree = "<group>";
		};
		19D7D456278E92D20086197C /* Model */ = {
			isa = PBXGroup;
			children = (
			);
			path = Model;
			sourceTree = "<group>";
		};
		19D7D457278E92D60086197C /* UseCase */ = {
			isa = PBXGroup;
			children = (
			);
			path = UseCase;
			sourceTree = "<group>";
		};
		19D7D458278E92F40086197C /* Support */ = {
			isa = PBXGroup;
			children = (
				19D7D45D278E939E0086197C /* Custom Views */,
				19D7D45C278E93970086197C /* Extensions */,
				19D7D45B278E938F0086197C /* Style */,
				19D7D41C278E8C6C0086197C /* AppDelegate.swift */,
				19D7D41E278E8C6C0086197C /* SceneDelegate.swift */,
			);
			path = Support;
			sourceTree = "<group>";
		};
		19D7D459278E92FA0086197C /* UI */ = {
			isa = PBXGroup;
			children = (
				19D7D427278E8C6D0086197C /* LaunchScreen.storyboard */,
			);
			path = UI;
			sourceTree = "<group>";
		};
		19D7D45A278E93090086197C /* View */ = {
			isa = PBXGroup;
			children = (
				19D7D45E278E943D0086197C /* Home */,
			);
			path = View;
			sourceTree = "<group>";
		};
		19D7D45B278E938F0086197C /* Style */ = {
			isa = PBXGroup;
			children = (
			);
			path = Style;
			sourceTree = "<group>";
		};
		19D7D45C278E93970086197C /* Extensions */ = {
			isa = PBXGroup;
			children = (
			);
			path = Extensions;
			sourceTree = "<group>";
		};
		19D7D45D278E939E0086197C /* Custom Views */ = {
			isa = PBXGroup;
			children = (
			);
			path = "Custom Views";
			sourceTree = "<group>";
		};
		19D7D45E278E943D0086197C /* Home */ = {
			isa = PBXGroup;
			children = (
				19D7D420278E8C6C0086197C /* SEHomeViewController.swift */,
			);
			path = Home;
			sourceTree = "<group>";
		};
		19D7D45F278E97930086197C /* Network */ = {
			isa = PBXGroup;
			children = (
				19D7D470278E9A6C0086197C /* WebServicesManager.swift */,
				19D7D473278E9A970086197C /* NetworkManager.swift */,
				19D7D476278E9AD10086197C /* SEError.swift */,
				19D7D479278E9B290086197C /* NetworkConfiguration.swift */,
			);
			path = Network;
			sourceTree = "<group>";
		};
/* End PBXGroup section */

/* Begin PBXNativeTarget section */
		19D7D418278E8C6C0086197C /* Series */ = {
			isa = PBXNativeTarget;
			buildConfigurationList = 19D7D443278E8C6D0086197C /* Build configuration list for PBXNativeTarget "Series" */;
			buildPhases = (
				19D7D415278E8C6C0086197C /* Sources */,
				19D7D416278E8C6C0086197C /* Frameworks */,
				19D7D417278E8C6C0086197C /* Resources */,
			);
			buildRules = (
			);
			dependencies = (
			);
			name = Series;
			productName = Series;
			productReference = 19D7D419278E8C6C0086197C /* Series.app */;
			productType = "com.apple.product-type.application";
		};
		19D7D42E278E8C6D0086197C /* SeriesTests */ = {
			isa = PBXNativeTarget;
			buildConfigurationList = 19D7D446278E8C6D0086197C /* Build configuration list for PBXNativeTarget "SeriesTests" */;
			buildPhases = (
				19D7D42B278E8C6D0086197C /* Sources */,
				19D7D42C278E8C6D0086197C /* Frameworks */,
				19D7D42D278E8C6D0086197C /* Resources */,
			);
			buildRules = (
			);
			dependencies = (
				19D7D431278E8C6D0086197C /* PBXTargetDependency */,
			);
			name = SeriesTests;
			productName = SeriesTests;
			productReference = 19D7D42F278E8C6D0086197C /* SeriesTests.xctest */;
			productType = "com.apple.product-type.bundle.unit-test";
		};
		19D7D439278E8C6D0086197C /* SeriesUITests */ = {
			isa = PBXNativeTarget;
			buildConfigurationList = 19D7D449278E8C6D0086197C /* Build configuration list for PBXNativeTarget "SeriesUITests" */;
			buildPhases = (
				19D7D436278E8C6D0086197C /* Sources */,
				19D7D437278E8C6D0086197C /* Frameworks */,
				19D7D438278E8C6D0086197C /* Resources */,
			);
			buildRules = (
			);
			dependencies = (
				19D7D43C278E8C6D0086197C /* PBXTargetDependency */,
			);
			name = SeriesUITests;
			productName = SeriesUITests;
			productReference = 19D7D43A278E8C6D0086197C /* SeriesUITests.xctest */;
			productType = "com.apple.product-type.bundle.ui-testing";
		};
		19D7D460278E97F60086197C /* Series-Test */ = {
			isa = PBXNativeTarget;
			buildConfigurationList = 19D7D469278E97F60086197C /* Build configuration list for PBXNativeTarget "Series-Test" */;
			buildPhases = (
				19D7D461278E97F60086197C /* Sources */,
				19D7D465278E97F60086197C /* Frameworks */,
				19D7D466278E97F60086197C /* Resources */,
			);
			buildRules = (
			);
			dependencies = (
			);
			name = "Series-Test";
			productName = Series;
			productReference = 19D7D46C278E97F60086197C /* Series-Test.app */;
			productType = "com.apple.product-type.application";
		};
/* End PBXNativeTarget section */

/* Begin PBXProject section */
		19D7D411278E8C6C0086197C /* Project object */ = {
			isa = PBXProject;
			attributes = {
				LastSwiftUpdateCheck = 1250;
				LastUpgradeCheck = 1250;
				TargetAttributes = {
					19D7D418278E8C6C0086197C = {
						CreatedOnToolsVersion = 12.5.1;
					};
					19D7D42E278E8C6D0086197C = {
						CreatedOnToolsVersion = 12.5.1;
						TestTargetID = 19D7D418278E8C6C0086197C;
					};
					19D7D439278E8C6D0086197C = {
						CreatedOnToolsVersion = 12.5.1;
						TestTargetID = 19D7D418278E8C6C0086197C;
					};
				};
			};
			buildConfigurationList = 19D7D414278E8C6C0086197C /* Build configuration list for PBXProject "Series" */;
			compatibilityVersion = "Xcode 9.3";
			developmentRegion = en;
			hasScannedForEncodings = 0;
			knownRegions = (
				en,
				Base,
				"es-419",
			);
			mainGroup = 19D7D410278E8C6C0086197C;
			productRefGroup = 19D7D41A278E8C6C0086197C /* Products */;
			projectDirPath = "";
			projectRoot = "";
			targets = (
				19D7D418278E8C6C0086197C /* Series */,
				19D7D460278E97F60086197C /* Series-Test */,
				19D7D42E278E8C6D0086197C /* SeriesTests */,
				19D7D439278E8C6D0086197C /* SeriesUITests */,
			);
		};
/* End PBXProject section */

/* Begin PBXResourcesBuildPhase section */
		19D7D417278E8C6C0086197C /* Resources */ = {
			isa = PBXResourcesBuildPhase;
			buildActionMask = 2147483647;
			files = (
				19D7D429278E8C6D0086197C /* LaunchScreen.storyboard in Resources */,
				19D7D482278E9F890086197C /* Localizable.strings in Resources */,
				19D7D426278E8C6D0086197C /* Assets.xcassets in Resources */,
			);
			runOnlyForDeploymentPostprocessing = 0;
		};
		19D7D42D278E8C6D0086197C /* Resources */ = {
			isa = PBXResourcesBuildPhase;
			buildActionMask = 2147483647;
			files = (
			);
			runOnlyForDeploymentPostprocessing = 0;
		};
		19D7D438278E8C6D0086197C /* Resources */ = {
			isa = PBXResourcesBuildPhase;
			buildActionMask = 2147483647;
			files = (
			);
			runOnlyForDeploymentPostprocessing = 0;
		};
		19D7D466278E97F60086197C /* Resources */ = {
			isa = PBXResourcesBuildPhase;
			buildActionMask = 2147483647;
			files = (
				19D7D467278E97F60086197C /* LaunchScreen.storyboard in Resources */,
				19D7D483278E9F890086197C /* Localizable.strings in Resources */,
				19D7D468278E97F60086197C /* Assets.xcassets in Resources */,
			);
			runOnlyForDeploymentPostprocessing = 0;
		};
/* End PBXResourcesBuildPhase section */

/* Begin PBXSourcesBuildPhase section */
		19D7D415278E8C6C0086197C /* Sources */ = {
			isa = PBXSourcesBuildPhase;
			buildActionMask = 2147483647;
			files = (
				19D7D471278E9A6C0086197C /* WebServicesManager.swift in Sources */,
				19D7D421278E8C6C0086197C /* SEHomeViewController.swift in Sources */,
				19D7D477278E9AD10086197C /* SEError.swift in Sources */,
				19D7D47D278E9BAC0086197C /* SEKeys.swift in Sources */,
				19D7D474278E9A970086197C /* NetworkManager.swift in Sources */,
				19D7D47A278E9B290086197C /* NetworkConfiguration.swift in Sources */,
				19D7D41D278E8C6C0086197C /* AppDelegate.swift in Sources */,
				19D7D41F278E8C6C0086197C /* SceneDelegate.swift in Sources */,
			);
			runOnlyForDeploymentPostprocessing = 0;
		};
		19D7D42B278E8C6D0086197C /* Sources */ = {
			isa = PBXSourcesBuildPhase;
			buildActionMask = 2147483647;
			files = (
				19D7D434278E8C6D0086197C /* SeriesTests.swift in Sources */,
			);
			runOnlyForDeploymentPostprocessing = 0;
		};
		19D7D436278E8C6D0086197C /* Sources */ = {
			isa = PBXSourcesBuildPhase;
			buildActionMask = 2147483647;
			files = (
				19D7D43F278E8C6D0086197C /* SeriesUITests.swift in Sources */,
			);
			runOnlyForDeploymentPostprocessing = 0;
		};
		19D7D461278E97F60086197C /* Sources */ = {
			isa = PBXSourcesBuildPhase;
			buildActionMask = 2147483647;
			files = (
				19D7D472278E9A6C0086197C /* WebServicesManager.swift in Sources */,
				19D7D462278E97F60086197C /* SEHomeViewController.swift in Sources */,
				19D7D478278E9AD10086197C /* SEError.swift in Sources */,
				19D7D47E278E9BAC0086197C /* SEKeys.swift in Sources */,
				19D7D475278E9A970086197C /* NetworkManager.swift in Sources */,
				19D7D47B278E9B290086197C /* NetworkConfiguration.swift in Sources */,
				19D7D463278E97F60086197C /* AppDelegate.swift in Sources */,
				19D7D464278E97F60086197C /* SceneDelegate.swift in Sources */,
			);
			runOnlyForDeploymentPostprocessing = 0;
		};
/* End PBXSourcesBuildPhase section */

/* Begin PBXTargetDependency section */
		19D7D431278E8C6D0086197C /* PBXTargetDependency */ = {
			isa = PBXTargetDependency;
			target = 19D7D418278E8C6C0086197C /* Series */;
			targetProxy = 19D7D430278E8C6D0086197C /* PBXContainerItemProxy */;
		};
		19D7D43C278E8C6D0086197C /* PBXTargetDependency */ = {
			isa = PBXTargetDependency;
			target = 19D7D418278E8C6C0086197C /* Series */;
			targetProxy = 19D7D43B278E8C6D0086197C /* PBXContainerItemProxy */;
		};
/* End PBXTargetDependency section */

/* Begin PBXVariantGroup section */
		19D7D427278E8C6D0086197C /* LaunchScreen.storyboard */ = {
			isa = PBXVariantGroup;
			children = (
				19D7D428278E8C6D0086197C /* Base */,
			);
			name = LaunchScreen.storyboard;
			sourceTree = "<group>";
		};
		19D7D485278E9F890086197C /* Localizable.strings */ = {
			isa = PBXVariantGroup;
			children = (
				19D7D484278E9F890086197C /* en */,
				19D7D486278EA0430086197C /* es-419 */,
			);
			name = Localizable.strings;
			sourceTree = "<group>";
		};
/* End PBXVariantGroup section */

/* Begin XCBuildConfiguration section */
		19D7D441278E8C6D0086197C /* Debug */ = {
			isa = XCBuildConfiguration;
			buildSettings = {
				ALWAYS_SEARCH_USER_PATHS = NO;
				CLANG_ANALYZER_LOCALIZABILITY_NONLOCALIZED = YES;
				CLANG_ANALYZER_NONNULL = YES;
				CLANG_ANALYZER_NUMBER_OBJECT_CONVERSION = YES_AGGRESSIVE;
				CLANG_CXX_LANGUAGE_STANDARD = "gnu++14";
				CLANG_CXX_LIBRARY = "libc++";
				CLANG_ENABLE_MODULES = YES;
				CLANG_ENABLE_OBJC_ARC = YES;
				CLANG_ENABLE_OBJC_WEAK = YES;
				CLANG_WARN_BLOCK_CAPTURE_AUTORELEASING = YES;
				CLANG_WARN_BOOL_CONVERSION = YES;
				CLANG_WARN_COMMA = YES;
				CLANG_WARN_CONSTANT_CONVERSION = YES;
				CLANG_WARN_DEPRECATED_OBJC_IMPLEMENTATIONS = YES;
				CLANG_WARN_DIRECT_OBJC_ISA_USAGE = YES_ERROR;
				CLANG_WARN_DOCUMENTATION_COMMENTS = YES;
				CLANG_WARN_EMPTY_BODY = YES;
				CLANG_WARN_ENUM_CONVERSION = YES;
				CLANG_WARN_INFINITE_RECURSION = YES;
				CLANG_WARN_INT_CONVERSION = YES;
				CLANG_WARN_NON_LITERAL_NULL_CONVERSION = YES;
				CLANG_WARN_OBJC_IMPLICIT_RETAIN_SELF = YES;
				CLANG_WARN_OBJC_LITERAL_CONVERSION = YES;
				CLANG_WARN_OBJC_ROOT_CLASS = YES_ERROR;
				CLANG_WARN_QUOTED_INCLUDE_IN_FRAMEWORK_HEADER = YES;
				CLANG_WARN_RANGE_LOOP_ANALYSIS = YES;
				CLANG_WARN_STRICT_PROTOTYPES = YES;
				CLANG_WARN_SUSPICIOUS_MOVE = YES;
				CLANG_WARN_UNGUARDED_AVAILABILITY = YES_AGGRESSIVE;
				CLANG_WARN_UNREACHABLE_CODE = YES;
				CLANG_WARN__DUPLICATE_METHOD_MATCH = YES;
				COPY_PHASE_STRIP = NO;
				DEBUG_INFORMATION_FORMAT = dwarf;
				ENABLE_STRICT_OBJC_MSGSEND = YES;
				ENABLE_TESTABILITY = YES;
				GCC_C_LANGUAGE_STANDARD = gnu11;
				GCC_DYNAMIC_NO_PIC = NO;
				GCC_NO_COMMON_BLOCKS = YES;
				GCC_OPTIMIZATION_LEVEL = 0;
				GCC_PREPROCESSOR_DEFINITIONS = (
					"DEBUG=1",
					"$(inherited)",
				);
				GCC_WARN_64_TO_32_BIT_CONVERSION = YES;
				GCC_WARN_ABOUT_RETURN_TYPE = YES_ERROR;
				GCC_WARN_UNDECLARED_SELECTOR = YES;
				GCC_WARN_UNINITIALIZED_AUTOS = YES_AGGRESSIVE;
				GCC_WARN_UNUSED_FUNCTION = YES;
				GCC_WARN_UNUSED_VARIABLE = YES;
				IPHONEOS_DEPLOYMENT_TARGET = 14.5;
				MTL_ENABLE_DEBUG_INFO = INCLUDE_SOURCE;
				MTL_FAST_MATH = YES;
				ONLY_ACTIVE_ARCH = YES;
				SDKROOT = iphoneos;
				SWIFT_ACTIVE_COMPILATION_CONDITIONS = DEBUG;
				SWIFT_OPTIMIZATION_LEVEL = "-Onone";
			};
			name = Debug;
		};
		19D7D442278E8C6D0086197C /* Release */ = {
			isa = XCBuildConfiguration;
			buildSettings = {
				ALWAYS_SEARCH_USER_PATHS = NO;
				CLANG_ANALYZER_LOCALIZABILITY_NONLOCALIZED = YES;
				CLANG_ANALYZER_NONNULL = YES;
				CLANG_ANALYZER_NUMBER_OBJECT_CONVERSION = YES_AGGRESSIVE;
				CLANG_CXX_LANGUAGE_STANDARD = "gnu++14";
				CLANG_CXX_LIBRARY = "libc++";
				CLANG_ENABLE_MODULES = YES;
				CLANG_ENABLE_OBJC_ARC = YES;
				CLANG_ENABLE_OBJC_WEAK = YES;
				CLANG_WARN_BLOCK_CAPTURE_AUTORELEASING = YES;
				CLANG_WARN_BOOL_CONVERSION = YES;
				CLANG_WARN_COMMA = YES;
				CLANG_WARN_CONSTANT_CONVERSION = YES;
				CLANG_WARN_DEPRECATED_OBJC_IMPLEMENTATIONS = YES;
				CLANG_WARN_DIRECT_OBJC_ISA_USAGE = YES_ERROR;
				CLANG_WARN_DOCUMENTATION_COMMENTS = YES;
				CLANG_WARN_EMPTY_BODY = YES;
				CLANG_WARN_ENUM_CONVERSION = YES;
				CLANG_WARN_INFINITE_RECURSION = YES;
				CLANG_WARN_INT_CONVERSION = YES;
				CLANG_WARN_NON_LITERAL_NULL_CONVERSION = YES;
				CLANG_WARN_OBJC_IMPLICIT_RETAIN_SELF = YES;
				CLANG_WARN_OBJC_LITERAL_CONVERSION = YES;
				CLANG_WARN_OBJC_ROOT_CLASS = YES_ERROR;
				CLANG_WARN_QUOTED_INCLUDE_IN_FRAMEWORK_HEADER = YES;
				CLANG_WARN_RANGE_LOOP_ANALYSIS = YES;
				CLANG_WARN_STRICT_PROTOTYPES = YES;
				CLANG_WARN_SUSPICIOUS_MOVE = YES;
				CLANG_WARN_UNGUARDED_AVAILABILITY = YES_AGGRESSIVE;
				CLANG_WARN_UNREACHABLE_CODE = YES;
				CLANG_WARN__DUPLICATE_METHOD_MATCH = YES;
				COPY_PHASE_STRIP = NO;
				DEBUG_INFORMATION_FORMAT = "dwarf-with-dsym";
				ENABLE_NS_ASSERTIONS = NO;
				ENABLE_STRICT_OBJC_MSGSEND = YES;
				GCC_C_LANGUAGE_STANDARD = gnu11;
				GCC_NO_COMMON_BLOCKS = YES;
				GCC_WARN_64_TO_32_BIT_CONVERSION = YES;
				GCC_WARN_ABOUT_RETURN_TYPE = YES_ERROR;
				GCC_WARN_UNDECLARED_SELECTOR = YES;
				GCC_WARN_UNINITIALIZED_AUTOS = YES_AGGRESSIVE;
				GCC_WARN_UNUSED_FUNCTION = YES;
				GCC_WARN_UNUSED_VARIABLE = YES;
				IPHONEOS_DEPLOYMENT_TARGET = 14.5;
				MTL_ENABLE_DEBUG_INFO = NO;
				MTL_FAST_MATH = YES;
				SDKROOT = iphoneos;
				SWIFT_COMPILATION_MODE = wholemodule;
				SWIFT_OPTIMIZATION_LEVEL = "-O";
				VALIDATE_PRODUCT = YES;
			};
			name = Release;
		};
		19D7D444278E8C6D0086197C /* Debug */ = {
			isa = XCBuildConfiguration;
			buildSettings = {
				ASSETCATALOG_COMPILER_APPICON_NAME = AppIcon;
				ASSETCATALOG_COMPILER_GLOBAL_ACCENT_COLOR_NAME = AccentColor;
				CODE_SIGN_STYLE = Automatic;
				DEVELOPMENT_TEAM = 82N3G65FCS;
				INFOPLIST_FILE = "${SRCROOT}/Series/Supporting Files/Info.plist";
				LD_RUNPATH_SEARCH_PATHS = (
					"$(inherited)",
					"@executable_path/Frameworks",
				);
				PRODUCT_BUNDLE_IDENTIFIER = com.jobsity.Series;
				PRODUCT_NAME = "$(TARGET_NAME)";
				SWIFT_OPTIMIZATION_LEVEL = "-O";
				SWIFT_VERSION = 5.0;
				TARGETED_DEVICE_FAMILY = "1,2";
			};
			name = Debug;
		};
		19D7D445278E8C6D0086197C /* Release */ = {
			isa = XCBuildConfiguration;
			buildSettings = {
				ASSETCATALOG_COMPILER_APPICON_NAME = AppIcon;
				ASSETCATALOG_COMPILER_GLOBAL_ACCENT_COLOR_NAME = AccentColor;
				CODE_SIGN_STYLE = Automatic;
				DEVELOPMENT_TEAM = 82N3G65FCS;
				INFOPLIST_FILE = "${SRCROOT}/Series/Supporting Files/Info.plist";
				LD_RUNPATH_SEARCH_PATHS = (
					"$(inherited)",
					"@executable_path/Frameworks",
				);
				PRODUCT_BUNDLE_IDENTIFIER = com.jobsity.Series;
				PRODUCT_NAME = "$(TARGET_NAME)";
				SWIFT_VERSION = 5.0;
				TARGETED_DEVICE_FAMILY = "1,2";
			};
			name = Release;
		};
		19D7D447278E8C6D0086197C /* Debug */ = {
			isa = XCBuildConfiguration;
			buildSettings = {
				ALWAYS_EMBED_SWIFT_STANDARD_LIBRARIES = YES;
				BUNDLE_LOADER = "$(TEST_HOST)";
				CODE_SIGN_STYLE = Automatic;
				DEVELOPMENT_TEAM = 82N3G65FCS;
				GCC_OPTIMIZATION_LEVEL = s;
				INFOPLIST_FILE = SeriesTests/Info.plist;
				IPHONEOS_DEPLOYMENT_TARGET = 14.5;
				LD_RUNPATH_SEARCH_PATHS = (
					"$(inherited)",
					"@executable_path/Frameworks",
					"@loader_path/Frameworks",
				);
				PRODUCT_BUNDLE_IDENTIFIER = com.jobsity.SeriesTests;
				PRODUCT_NAME = "$(TARGET_NAME)";
				SWIFT_VERSION = 5.0;
				TARGETED_DEVICE_FAMILY = "1,2";
				TEST_HOST = "$(BUILT_PRODUCTS_DIR)/Series.app/Series";
			};
			name = Debug;
		};
		19D7D448278E8C6D0086197C /* Release */ = {
			isa = XCBuildConfiguration;
			buildSettings = {
				ALWAYS_EMBED_SWIFT_STANDARD_LIBRARIES = YES;
				BUNDLE_LOADER = "$(TEST_HOST)";
				CODE_SIGN_STYLE = Automatic;
				DEVELOPMENT_TEAM = 82N3G65FCS;
				INFOPLIST_FILE = SeriesTests/Info.plist;
				IPHONEOS_DEPLOYMENT_TARGET = 14.5;
				LD_RUNPATH_SEARCH_PATHS = (
					"$(inherited)",
					"@executable_path/Frameworks",
					"@loader_path/Frameworks",
				);
				PRODUCT_BUNDLE_IDENTIFIER = com.jobsity.SeriesTests;
				PRODUCT_NAME = "$(TARGET_NAME)";
				SWIFT_VERSION = 5.0;
				TARGETED_DEVICE_FAMILY = "1,2";
				TEST_HOST = "$(BUILT_PRODUCTS_DIR)/Series.app/Series";
			};
			name = Release;
		};
		19D7D44A278E8C6D0086197C /* Debug */ = {
			isa = XCBuildConfiguration;
			buildSettings = {
				ALWAYS_EMBED_SWIFT_STANDARD_LIBRARIES = YES;
				CODE_SIGN_STYLE = Automatic;
				DEVELOPMENT_TEAM = 82N3G65FCS;
				INFOPLIST_FILE = SeriesUITests/Info.plist;
				LD_RUNPATH_SEARCH_PATHS = (
					"$(inherited)",
					"@executable_path/Frameworks",
					"@loader_path/Frameworks",
				);
				PRODUCT_BUNDLE_IDENTIFIER = com.jobsity.SeriesUITests;
				PRODUCT_NAME = "$(TARGET_NAME)";
				SWIFT_VERSION = 5.0;
				TARGETED_DEVICE_FAMILY = "1,2";
				TEST_TARGET_NAME = Series;
			};
			name = Debug;
		};
		19D7D44B278E8C6D0086197C /* Release */ = {
			isa = XCBuildConfiguration;
			buildSettings = {
				ALWAYS_EMBED_SWIFT_STANDARD_LIBRARIES = YES;
				CODE_SIGN_STYLE = Automatic;
				DEVELOPMENT_TEAM = 82N3G65FCS;
				INFOPLIST_FILE = SeriesUITests/Info.plist;
				LD_RUNPATH_SEARCH_PATHS = (
					"$(inherited)",
					"@executable_path/Frameworks",
					"@loader_path/Frameworks",
				);
				PRODUCT_BUNDLE_IDENTIFIER = com.jobsity.SeriesUITests;
				PRODUCT_NAME = "$(TARGET_NAME)";
				SWIFT_VERSION = 5.0;
				TARGETED_DEVICE_FAMILY = "1,2";
				TEST_TARGET_NAME = Series;
			};
			name = Release;
		};
		19D7D46A278E97F60086197C /* Debug */ = {
			isa = XCBuildConfiguration;
			buildSettings = {
				ASSETCATALOG_COMPILER_APPICON_NAME = AppIcon;
				ASSETCATALOG_COMPILER_GLOBAL_ACCENT_COLOR_NAME = AccentColor;
				CODE_SIGN_STYLE = Automatic;
				DEVELOPMENT_TEAM = 82N3G65FCS;
				INFOPLIST_FILE = "${SRCROOT}/Series/Supporting Files/Info_Test.plist";
				LD_RUNPATH_SEARCH_PATHS = (
					"$(inherited)",
					"@executable_path/Frameworks",
				);
				PRODUCT_BUNDLE_IDENTIFIER = com.jobsityUAT.Series;
				PRODUCT_NAME = "$(TARGET_NAME)";
				SWIFT_VERSION = 5.0;
				TARGETED_DEVICE_FAMILY = "1,2";
			};
			name = Debug;
		};
		19D7D46B278E97F60086197C /* Release */ = {
			isa = XCBuildConfiguration;
			buildSettings = {
				ASSETCATALOG_COMPILER_APPICON_NAME = AppIcon;
				ASSETCATALOG_COMPILER_GLOBAL_ACCENT_COLOR_NAME = AccentColor;
				CODE_SIGN_STYLE = Automatic;
				DEVELOPMENT_TEAM = 82N3G65FCS;
				INFOPLIST_FILE = "${SRCROOT}/Series/Supporting Files/Info_Test.plist";
				LD_RUNPATH_SEARCH_PATHS = (
					"$(inherited)",
					"@executable_path/Frameworks",
				);
				PRODUCT_BUNDLE_IDENTIFIER = com.jobsityUAT.Series;
				PRODUCT_NAME = "$(TARGET_NAME)";
				SWIFT_VERSION = 5.0;
				TARGETED_DEVICE_FAMILY = "1,2";
			};
			name = Release;
		};
/* End XCBuildConfiguration section */

/* Begin XCConfigurationList section */
		19D7D414278E8C6C0086197C /* Build configuration list for PBXProject "Series" */ = {
			isa = XCConfigurationList;
			buildConfigurations = (
				19D7D441278E8C6D0086197C /* Debug */,
				19D7D442278E8C6D0086197C /* Release */,
			);
			defaultConfigurationIsVisible = 0;
			defaultConfigurationName = Release;
		};
		19D7D443278E8C6D0086197C /* Build configuration list for PBXNativeTarget "Series" */ = {
			isa = XCConfigurationList;
			buildConfigurations = (
				19D7D444278E8C6D0086197C /* Debug */,
				19D7D445278E8C6D0086197C /* Release */,
			);
			defaultConfigurationIsVisible = 0;
			defaultConfigurationName = Release;
		};
		19D7D446278E8C6D0086197C /* Build configuration list for PBXNativeTarget "SeriesTests" */ = {
			isa = XCConfigurationList;
			buildConfigurations = (
				19D7D447278E8C6D0086197C /* Debug */,
				19D7D448278E8C6D0086197C /* Release */,
			);
			defaultConfigurationIsVisible = 0;
			defaultConfigurationName = Release;
		};
		19D7D449278E8C6D0086197C /* Build configuration list for PBXNativeTarget "SeriesUITests" */ = {
			isa = XCConfigurationList;
			buildConfigurations = (
				19D7D44A278E8C6D0086197C /* Debug */,
				19D7D44B278E8C6D0086197C /* Release */,
			);
			defaultConfigurationIsVisible = 0;
			defaultConfigurationName = Release;
		};
		19D7D469278E97F60086197C /* Build configuration list for PBXNativeTarget "Series-Test" */ = {
			isa = XCConfigurationList;
			buildConfigurations = (
				19D7D46A278E97F60086197C /* Debug */,
				19D7D46B278E97F60086197C /* Release */,
			);
			defaultConfigurationIsVisible = 0;
			defaultConfigurationName = Release;
		};
/* End XCConfigurationList section */
	};
	rootObject = 19D7D411278E8C6C0086197C /* Project object */;
}
